// !$*UTF8*$!
{
	archiveVersion = 1;
	classes = {
	};
	objectVersion = 46;
	objects = {

/* Begin PBXBuildFile section */
		2827E6EE1E5AF70A005D81BA /* AppDelegate.swift in Sources */ = {isa = PBXBuildFile; fileRef = 2827E6ED1E5AF70A005D81BA /* AppDelegate.swift */; };
		2827E6F01E5AF70A005D81BA /* ViewController.swift in Sources */ = {isa = PBXBuildFile; fileRef = 2827E6EF1E5AF70A005D81BA /* ViewController.swift */; };
		2827E6F31E5AF70A005D81BA /* Main.storyboard in Resources */ = {isa = PBXBuildFile; fileRef = 2827E6F11E5AF70A005D81BA /* Main.storyboard */; };
		2827E6F51E5AF70A005D81BA /* Assets.xcassets in Resources */ = {isa = PBXBuildFile; fileRef = 2827E6F41E5AF70A005D81BA /* Assets.xcassets */; };
		2827E6F81E5AF70A005D81BA /* LaunchScreen.storyboard in Resources */ = {isa = PBXBuildFile; fileRef = 2827E6F61E5AF70A005D81BA /* LaunchScreen.storyboard */; };
/* End PBXBuildFile section */

/* Begin PBXFileReference section */
		2827E6EA1E5AF70A005D81BA /* CAShapeLayerTest.app */ = {isa = PBXFileReference; explicitFileType = wrapper.application; includeInIndex = 0; path = CAShapeLayerTest.app; sourceTree = BUILT_PRODUCTS_DIR; };
		2827E6ED1E5AF70A005D81BA /* AppDelegate.swift */ = {isa = PBXFileReference; lastKnownFileType = sourcecode.swift; path = AppDelegate.swift; sourceTree = "<group>"; };
		2827E6EF1E5AF70A005D81BA /* ViewController.swift */ = {isa = PBXFileReference; lastKnownFileType = sourcecode.swift; path = ViewController.swift; sourceTree = "<group>"; };
		2827E6F21E5AF70A005D81BA /* Base */ = {isa = PBXFileReference; lastKnownFileType = file.storyboard; name = Base; path = Base.lproj/Main.storyboard; sourceTree = "<group>"; };
		2827E6F41E5AF70A005D81BA /* Assets.xcassets */ = {isa = PBXFileReference; lastKnownFileType = folder.assetcatalog; path = Assets.xcassets; sourceTree = "<group>"; };
		2827E6F71E5AF70A005D81BA /* Base */ = {isa = PBXFileReference; lastKnownFileType = file.storyboard; name = Base; path = Base.lproj/LaunchScreen.storyboard; sourceTree = "<group>"; };
		2827E6F91E5AF70A005D81BA /* Info.plist */ = {isa = PBXFileReference; lastKnownFileType = text.plist.xml; path = Info.plist; sourceTree = "<group>"; };
/* End PBXFileReference section */

/* Begin PBXFrameworksBuildPhase section */
		2827E6E71E5AF70A005D81BA /* Frameworks */ = {
			isa = PBXFrameworksBuildPhase;
			buildActionMask = 2147483647;
			files = (
			);
			runOnlyForDeploymentPostprocessing = 0;
		};
/* End PBXFrameworksBuildPhase section */

/* Begin PBXGroup section */
		2827E6E11E5AF709005D81BA = {
			isa = PBXGroup;
			children = (
				2827E6EC1E5AF70A005D81BA /* CAShapeLayerTest */,
				2827E6EB1E5AF70A005D81BA /* Products */,
			);
			sourceTree = "<group>";
		};
		2827E6EB1E5AF70A005D81BA /* Products */ = {
			isa = PBXGroup;
			children = (
				2827E6EA1E5AF70A005D81BA /* CAShapeLayerTest.app */,
			);
			name = Products;
			sourceTree = "<group>";
		};
		2827E6EC1E5AF70A005D81BA /* CAShapeLayerTest */ = {
			isa = PBXGroup;
			children = (
				2827E6ED1E5AF70A005D81BA /* AppDelegate.swift */,
				2827E6EF1E5AF70A005D81BA /* ViewController.swift */,
				2827E6F11E5AF70A005D81BA /* Main.storyboard */,
				2827E6F41E5AF70A005D81BA /* Assets.xcassets */,
				2827E6F61E5AF70A005D81BA /* LaunchScreen.storyboard */,
				2827E6F91E5AF70A005D81BA /* Info.plist */,
			);
			path = CAShapeLayerTest;
			sourceTree = "<group>";
		};
/* End PBXGroup section */

/* Begin PBXNativeTarget section */
		2827E6E91E5AF70A005D81BA /* CAShapeLayerTest */ = {
			isa = PBXNativeTarget;
			buildConfigurationList = 2827E6FC1E5AF70A005D81BA /* Build configuration list for PBXNativeTarget "CAShapeLayerTest" */;
			buildPhases = (
				2827E6E61E5AF70A005D81BA /* Sources */,
				2827E6E71E5AF70A005D81BA /* Frameworks */,
				2827E6E81E5AF70A005D81BA /* Resources */,
			);
			buildRules = (
			);
			dependencies = (
			);
			name = CAShapeLayerTest;
			productName = CAShapeLayerTest;
			productReference = 2827E6EA1E5AF70A005D81BA /* CAShapeLayerTest.app */;
			productType = "com.apple.product-type.application";
		};
/* End PBXNativeTarget section */

/* Begin PBXProject section */
		2827E6E21E5AF709005D81BA /* Project object */ = {
			isa = PBXProject;
			attributes = {
				LastSwiftUpdateCheck = 0820;
				LastUpgradeCheck = 0820;
				ORGANIZATIONNAME = jaki;
				TargetAttributes = {
					2827E6E91E5AF70A005D81BA = {
						CreatedOnToolsVersion = 8.2.1;
						DevelopmentTeam = CKUF38R4M7;
						ProvisioningStyle = Automatic;
					};
				};
			};
			buildConfigurationList = 2827E6E51E5AF709005D81BA /* Build configuration list for PBXProject "CAShapeLayerTest" */;
			compatibilityVersion = "Xcode 3.2";
			developmentRegion = English;
			hasScannedForEncodings = 0;
			knownRegions = (
				en,
				Base,
			);
			mainGroup = 2827E6E11E5AF709005D81BA;
			productRefGroup = 2827E6EB1E5AF70A005D81BA /* Products */;
			projectDirPath = "";
			projectRoot = "";
			targets = (
				2827E6E91E5AF70A005D81BA /* CAShapeLayerTest */,
			);
		};
/* End PBXProject section */

/* Begin PBXResourcesBuildPhase section */
		2827E6E81E5AF70A005D81BA /* Resources */ = {
			isa = PBXResourcesBuildPhase;
			buildActionMask = 2147483647;
			files = (
				2827E6F81E5AF70A005D81BA /* LaunchScreen.storyboard in Resources */,
				2827E6F51E5AF70A005D81BA /* Assets.xcassets in Resources */,
				2827E6F31E5AF70A005D81BA /* Main.storyboard in Resources */,
			);
			runOnlyForDeploymentPostprocessing = 0;
		};
/* End PBXResourcesBuildPhase section */

/* Begin PBXSourcesBuildPhase section */
		2827E6E61E5AF70A005D81BA /* Sources */ = {
			isa = PBXSourcesBuildPhase;
			buildActionMask = 2147483647;
			files = (
				2827E6F01E5AF70A005D81BA /* ViewController.swift in Sources */,
				2827E6EE1E5AF70A005D81BA /* AppDelegate.swift in Sources */,
			);
			runOnlyForDeploymentPostprocessing = 0;
		};
/* End PBXSourcesBuildPhase section */

/* Begin PBXVariantGroup section */
		2827E6F11E5AF70A005D81BA /* Main.storyboard */ = {
			isa = PBXVariantGroup;
			children = (
				2827E6F21E5AF70A005D81BA /* Base */,
			);
			name = Main.storyboard;
			sourceTree = "<group>";
		};
		2827E6F61E5AF70A005D81BA /* LaunchScreen.storyboard */ = {
			isa = PBXVariantGroup;
			children = (
				2827E6F71E5AF70A005D81BA /* Base */,
			);
			name = LaunchScreen.storyboard;
			sourceTree = "<group>";
		};
/* End PBXVariantGroup section */

/* Begin XCBuildConfiguration section */
		2827E6FA1E5AF70A005D81BA /* Debug */ = {
			isa = XCBuildConfiguration;
			buildSettings = {
				ALWAYS_SEARCH_USER_PATHS = NO;
				CLANG_ANALYZER_NONNULL = YES;
				CLANG_CXX_LANGUAGE_STANDARD = "gnu++0x";
				CLANG_CXX_LIBRARY = "libc++";
				CLANG_ENABLE_MODULES = YES;
				CLANG_ENABLE_OBJC_ARC = YES;
				CLANG_WARN_BOOL_CONVERSION = YES;
				CLANG_WARN_CONSTANT_CONVERSION = YES;
				CLANG_WARN_DIRECT_OBJC_ISA_USAGE = YES_ERROR;
				CLANG_WARN_DOCUMENTATION_COMMENTS = YES;
				CLANG_WARN_EMPTY_BODY = YES;
				CLANG_WARN_ENUM_CONVERSION = YES;
				CLANG_WARN_INFINITE_RECURSION = YES;
				CLANG_WARN_INT_CONVERSION = YES;
				CLANG_WARN_OBJC_ROOT_CLASS = YES_ERROR;
				CLANG_WARN_SUSPICIOUS_MOVE = YES;
				CLANG_WARN_UNREACHABLE_CODE = YES;
				CLANG_WARN__DUPLICATE_METHOD_MATCH = YES;
				"CODE_SIGN_IDENTITY[sdk=iphoneos*]" = "iPhone Developer";
				COPY_PHASE_STRIP = NO;
				DEBUG_INFORMATION_FORMAT = dwarf;
				ENABLE_STRICT_OBJC_MSGSEND = YES;
				ENABLE_TESTABILITY = YES;
				GCC_C_LANGUAGE_STANDARD = gnu99;
				GCC_DYNAMIC_NO_PIC = NO;
				GCC_NO_COMMON_BLOCKS = YES;
				GCC_OPTIMIZATION_LEVEL = 0;
				GCC_PREPROCESSOR_DEFINITIONS = (
					"DEBUG=1",
					"$(inherited)",
				);
				GCC_WARN_64_TO_32_BIT_CONVERSION = YES;
				GCC_WARN_ABOUT_RETURN_TYPE = YES_ERROR;
				GCC_WARN_UNDECLARED_SELECTOR = YES;
				GCC_WARN_UNINITIALIZED_AUTOS = YES_AGGRESSIVE;
				GCC_WARN_UNUSED_FUNCTION = YES;
				GCC_WARN_UNUSED_VARIABLE = YES;
				IPHONEOS_DEPLOYMENT_TARGET = 10.2;
				MTL_ENABLE_DEBUG_INFO = YES;
				ONLY_ACTIVE_ARCH = YES;
				SDKROOT = iphoneos;
				SWIFT_ACTIVE_COMPILATION_CONDITIONS = DEBUG;
				SWIFT_OPTIMIZATION_LEVEL = "-Onone";
				TARGETED_DEVICE_FAMILY = "1,2";
			};
			name = Debug;
		};
		2827E6FB1E5AF70A005D81BA /* Release */ = {
			isa = XCBuildConfiguration;
			buildSettings = {
				ALWAYS_SEARCH_USER_PATHS = NO;
				CLANG_ANALYZER_NONNULL = YES;
				CLANG_CXX_LANGUAGE_STANDARD = "gnu++0x";
				CLANG_CXX_LIBRARY = "libc++";
				CLANG_ENABLE_MODULES = YES;
				CLANG_ENABLE_OBJC_ARC = YES;
				CLANG_WARN_BOOL_CONVERSION = YES;
				CLANG_WARN_CONSTANT_CONVERSION = YES;
				CLANG_WARN_DIRECT_OBJC_ISA_USAGE = YES_ERROR;
				CLANG_WARN_DOCUMENTATION_COMMENTS = YES;
				CLANG_WARN_EMPTY_BODY = YES;
				CLANG_WARN_ENUM_CONVERSION = YES;
				CLANG_WARN_INFINITE_RECURSION = YES;
				CLANG_WARN_INT_CONVERSION = YES;
				CLANG_WARN_OBJC_ROOT_CLASS = YES_ERROR;
				CLANG_WARN_SUSPICIOUS_MOVE = YES;
				CLANG_WARN_UNREACHABLE_CODE = YES;
				CLANG_WARN__DUPLICATE_METHOD_MATCH = YES;
				"CODE_SIGN_IDENTITY[sdk=iphoneos*]" = "iPhone Developer";
				COPY_PHASE_STRIP = NO;
				DEBUG_INFORMATION_FORMAT = "dwarf-with-dsym";
				ENABLE_NS_ASSERTIONS = NO;
				ENABLE_STRICT_OBJC_MSGSEND = YES;
				GCC_C_LANGUAGE_STANDARD = gnu99;
				GCC_NO_COMMON_BLOCKS = YES;
				GCC_WARN_64_TO_32_BIT_CONVERSION = YES;
				GCC_WARN_ABOUT_RETURN_TYPE = YES_ERROR;
				GCC_WARN_UNDECLARED_SELECTOR = YES;
				GCC_WARN_UNINITIALIZED_AUTOS = YES_AGGRESSIVE;
				GCC_WARN_UNUSED_FUNCTION = YES;
				GCC_WARN_UNUSED_VARIABLE = YES;
				IPHONEOS_DEPLOYMENT_TARGET = 10.2;
				MTL_ENABLE_DEBUG_INFO = NO;
				SDKROOT = iphoneos;
				SWIFT_OPTIMIZATION_LEVEL = "-Owholemodule";
				TARGETED_DEVICE_FAMILY = "1,2";
				VALIDATE_PRODUCT = YES;
			};
			name = Release;
		};
		2827E6FD1E5AF70A005D81BA /* Debug */ = {
			isa = XCBuildConfiguration;
			buildSettings = {
				ASSETCATALOG_COMPILER_APPICON_NAME = AppIcon;
				DEVELOPMENT_TEAM = CKUF38R4M7;
				INFOPLIST_FILE = CAShapeLayerTest/Info.plist;
				LD_RUNPATH_SEARCH_PATHS = "$(inherited) @executable_path/Frameworks";
				PRODUCT_BUNDLE_IDENTIFIER = jaki.CAShapeLayerTest;
				PRODUCT_NAME = "$(TARGET_NAME)";
				SWIFT_VERSION = 3.0;
			};
			name = Debug;
		};
		2827E6FE1E5AF70A005D81BA /* Release */ = {
			isa = XCBuildConfiguration;
			buildSettings = {
				ASSETCATALOG_COMPILER_APPICON_NAME = AppIcon;
				DEVELOPMENT_TEAM = CKUF38R4M7;
				INFOPLIST_FILE = CAShapeLayerTest/Info.plist;
				LD_RUNPATH_SEARCH_PATHS = "$(inherited) @executable_path/Frameworks";
				PRODUCT_BUNDLE_IDENTIFIER = jaki.CAShapeLayerTest;
				PRODUCT_NAME = "$(TARGET_NAME)";
				SWIFT_VERSION = 3.0;
			};
			name = Release;
		};
/* End XCBuildConfiguration section */

/* Begin XCConfigurationList section */
		2827E6E51E5AF709005D81BA /* Build configuration list for PBXProject "CAShapeLayerTest" */ = {
			isa = XCConfigurationList;
			buildConfigurations = (
				2827E6FA1E5AF70A005D81BA /* Debug */,
				2827E6FB1E5AF70A005D81BA /* Release */,
			);
			defaultConfigurationIsVisible = 0;
			defaultConfigurationName = Release;
		};
		2827E6FC1E5AF70A005D81BA /* Build configuration list for PBXNativeTarget "CAShapeLayerTest" */ = {
			isa = XCConfigurationList;
			buildConfigurations = (
				2827E6FD1E5AF70A005D81BA /* Debug */,
				2827E6FE1E5AF70A005D81BA /* Release */,
			);
			defaultConfigurationIsVisible = 0;
		};
/* End XCConfigurationList section */
	};
	rootObject = 2827E6E21E5AF709005D81BA /* Project object */;
}
