// !$*UTF8*$!
{
	archiveVersion = 1;
	classes = {
	};
	objectVersion = 46;
	objects = {

/* Begin PBXBuildFile section */
		283D9AE71D9295A300213EE9 /* AppDelegate.swift in Sources */ = {isa = PBXBuildFile; fileRef = 283D9AE61D9295A300213EE9 /* AppDelegate.swift */; };
		283D9AE91D9295A300213EE9 /* ViewController.swift in Sources */ = {isa = PBXBuildFile; fileRef = 283D9AE81D9295A300213EE9 /* ViewController.swift */; };
		283D9AEC1D9295A300213EE9 /* Main.storyboard in Resources */ = {isa = PBXBuildFile; fileRef = 283D9AEA1D9295A300213EE9 /* Main.storyboard */; };
		283D9AEE1D9295A300213EE9 /* Assets.xcassets in Resources */ = {isa = PBXBuildFile; fileRef = 283D9AED1D9295A300213EE9 /* Assets.xcassets */; };
		283D9AF11D9295A300213EE9 /* LaunchScreen.storyboard in Resources */ = {isa = PBXBuildFile; fileRef = 283D9AEF1D9295A300213EE9 /* LaunchScreen.storyboard */; };
		28F0EECF1D950EE8002A799D /* WaterFallLayout.swift in Sources */ = {isa = PBXBuildFile; fileRef = 28F0EECE1D950EE8002A799D /* WaterFallLayout.swift */; };
/* End PBXBuildFile section */

/* Begin PBXFileReference section */
		283D9AE31D9295A300213EE9 /* UICollectionViewTest.app */ = {isa = PBXFileReference; explicitFileType = wrapper.application; includeInIndex = 0; path = UICollectionViewTest.app; sourceTree = BUILT_PRODUCTS_DIR; };
		283D9AE61D9295A300213EE9 /* AppDelegate.swift */ = {isa = PBXFileReference; lastKnownFileType = sourcecode.swift; path = AppDelegate.swift; sourceTree = "<group>"; };
		283D9AE81D9295A300213EE9 /* ViewController.swift */ = {isa = PBXFileReference; lastKnownFileType = sourcecode.swift; path = ViewController.swift; sourceTree = "<group>"; };
		283D9AEB1D9295A300213EE9 /* Base */ = {isa = PBXFileReference; lastKnownFileType = file.storyboard; name = Base; path = Base.lproj/Main.storyboard; sourceTree = "<group>"; };
		283D9AED1D9295A300213EE9 /* Assets.xcassets */ = {isa = PBXFileReference; lastKnownFileType = folder.assetcatalog; path = Assets.xcassets; sourceTree = "<group>"; };
		283D9AF01D9295A300213EE9 /* Base */ = {isa = PBXFileReference; lastKnownFileType = file.storyboard; name = Base; path = Base.lproj/LaunchScreen.storyboard; sourceTree = "<group>"; };
		283D9AF21D9295A300213EE9 /* Info.plist */ = {isa = PBXFileReference; lastKnownFileType = text.plist.xml; path = Info.plist; sourceTree = "<group>"; };
		28F0EECE1D950EE8002A799D /* WaterFallLayout.swift */ = {isa = PBXFileReference; fileEncoding = 4; lastKnownFileType = sourcecode.swift; path = WaterFallLayout.swift; sourceTree = "<group>"; };
/* End PBXFileReference section */

/* Begin PBXFrameworksBuildPhase section */
		283D9AE01D9295A300213EE9 /* Frameworks */ = {
			isa = PBXFrameworksBuildPhase;
			buildActionMask = 2147483647;
			files = (
			);
			runOnlyForDeploymentPostprocessing = 0;
		};
/* End PBXFrameworksBuildPhase section */

/* Begin PBXGroup section */
		283D9ADA1D9295A300213EE9 = {
			isa = PBXGroup;
			children = (
				283D9AE51D9295A300213EE9 /* UICollectionViewTest */,
				283D9AE41D9295A300213EE9 /* Products */,
			);
			sourceTree = "<group>";
		};
		283D9AE41D9295A300213EE9 /* Products */ = {
			isa = PBXGroup;
			children = (
				283D9AE31D9295A300213EE9 /* UICollectionViewTest.app */,
			);
			name = Products;
			sourceTree = "<group>";
		};
		283D9AE51D9295A300213EE9 /* UICollectionViewTest */ = {
			isa = PBXGroup;
			children = (
				283D9AE61D9295A300213EE9 /* AppDelegate.swift */,
				283D9AE81D9295A300213EE9 /* ViewController.swift */,
				28F0EECE1D950EE8002A799D /* WaterFallLayout.swift */,
				283D9AEA1D9295A300213EE9 /* Main.storyboard */,
				283D9AED1D9295A300213EE9 /* Assets.xcassets */,
				283D9AEF1D9295A300213EE9 /* LaunchScreen.storyboard */,
				283D9AF21D9295A300213EE9 /* Info.plist */,
			);
			path = UICollectionViewTest;
			sourceTree = "<group>";
		};
/* End PBXGroup section */

/* Begin PBXNativeTarget section */
		283D9AE21D9295A300213EE9 /* UICollectionViewTest */ = {
			isa = PBXNativeTarget;
			buildConfigurationList = 283D9AF51D9295A300213EE9 /* Build configuration list for PBXNativeTarget "UICollectionViewTest" */;
			buildPhases = (
				283D9ADF1D9295A300213EE9 /* Sources */,
				283D9AE01D9295A300213EE9 /* Frameworks */,
				283D9AE11D9295A300213EE9 /* Resources */,
			);
			buildRules = (
			);
			dependencies = (
			);
			name = UICollectionViewTest;
			productName = UICollectionViewTest;
			productReference = 283D9AE31D9295A300213EE9 /* UICollectionViewTest.app */;
			productType = "com.apple.product-type.application";
		};
/* End PBXNativeTarget section */

/* Begin PBXProject section */
		283D9ADB1D9295A300213EE9 /* Project object */ = {
			isa = PBXProject;
			attributes = {
				LastSwiftUpdateCheck = 0800;
				LastUpgradeCheck = 0800;
				ORGANIZATIONNAME = jaki;
				TargetAttributes = {
					283D9AE21D9295A300213EE9 = {
						CreatedOnToolsVersion = 8.0;
						DevelopmentTeam = CKUF38R4M7;
						ProvisioningStyle = Automatic;
					};
				};
			};
			buildConfigurationList = 283D9ADE1D9295A300213EE9 /* Build configuration list for PBXProject "UICollectionViewTest" */;
			compatibilityVersion = "Xcode 3.2";
			developmentRegion = English;
			hasScannedForEncodings = 0;
			knownRegions = (
				en,
				Base,
			);
			mainGroup = 283D9ADA1D9295A300213EE9;
			productRefGroup = 283D9AE41D9295A300213EE9 /* Products */;
			projectDirPath = "";
			projectRoot = "";
			targets = (
				283D9AE21D9295A300213EE9 /* UICollectionViewTest */,
			);
		};
/* End PBXProject section */

/* Begin PBXResourcesBuildPhase section */
		283D9AE11D9295A300213EE9 /* Resources */ = {
			isa = PBXResourcesBuildPhase;
			buildActionMask = 2147483647;
			files = (
				283D9AF11D9295A300213EE9 /* LaunchScreen.storyboard in Resources */,
				283D9AEE1D9295A300213EE9 /* Assets.xcassets in Resources */,
				283D9AEC1D9295A300213EE9 /* Main.storyboard in Resources */,
			);
			runOnlyForDeploymentPostprocessing = 0;
		};
/* End PBXResourcesBuildPhase section */

/* Begin PBXSourcesBuildPhase section */
		283D9ADF1D9295A300213EE9 /* Sources */ = {
			isa = PBXSourcesBuildPhase;
			buildActionMask = 2147483647;
			files = (
				28F0EECF1D950EE8002A799D /* WaterFallLayout.swift in Sources */,
				283D9AE91D9295A300213EE9 /* ViewController.swift in Sources */,
				283D9AE71D9295A300213EE9 /* AppDelegate.swift in Sources */,
			);
			runOnlyForDeploymentPostprocessing = 0;
		};
/* End PBXSourcesBuildPhase section */

/* Begin PBXVariantGroup section */
		283D9AEA1D9295A300213EE9 /* Main.storyboard */ = {
			isa = PBXVariantGroup;
			children = (
				283D9AEB1D9295A300213EE9 /* Base */,
			);
			name = Main.storyboard;
			sourceTree = "<group>";
		};
		283D9AEF1D9295A300213EE9 /* LaunchScreen.storyboard */ = {
			isa = PBXVariantGroup;
			children = (
				283D9AF01D9295A300213EE9 /* Base */,
			);
			name = LaunchScreen.storyboard;
			sourceTree = "<group>";
		};
/* End PBXVariantGroup section */

/* Begin XCBuildConfiguration section */
		283D9AF31D9295A300213EE9 /* Debug */ = {
			isa = XCBuildConfiguration;
			buildSettings = {
				ALWAYS_SEARCH_USER_PATHS = NO;
				CLANG_ANALYZER_NONNULL = YES;
				CLANG_CXX_LANGUAGE_STANDARD = "gnu++0x";
				CLANG_CXX_LIBRARY = "libc++";
				CLANG_ENABLE_MODULES = YES;
				CLANG_ENABLE_OBJC_ARC = YES;
				CLANG_WARN_BOOL_CONVERSION = YES;
				CLANG_WARN_CONSTANT_CONVERSION = YES;
				CLANG_WARN_DIRECT_OBJC_ISA_USAGE = YES_ERROR;
				CLANG_WARN_DOCUMENTATION_COMMENTS = YES;
				CLANG_WARN_EMPTY_BODY = YES;
				CLANG_WARN_ENUM_CONVERSION = YES;
				CLANG_WARN_INFINITE_RECURSION = YES;
				CLANG_WARN_INT_CONVERSION = YES;
				CLANG_WARN_OBJC_ROOT_CLASS = YES_ERROR;
				CLANG_WARN_SUSPICIOUS_MOVES = YES;
				CLANG_WARN_UNREACHABLE_CODE = YES;
				CLANG_WARN__DUPLICATE_METHOD_MATCH = YES;
				"CODE_SIGN_IDENTITY[sdk=iphoneos*]" = "iPhone Developer";
				COPY_PHASE_STRIP = NO;
				DEBUG_INFORMATION_FORMAT = dwarf;
				ENABLE_STRICT_OBJC_MSGSEND = YES;
				ENABLE_TESTABILITY = YES;
				GCC_C_LANGUAGE_STANDARD = gnu99;
				GCC_DYNAMIC_NO_PIC = NO;
				GCC_NO_COMMON_BLOCKS = YES;
				GCC_OPTIMIZATION_LEVEL = 0;
				GCC_PREPROCESSOR_DEFINITIONS = (
					"DEBUG=1",
					"$(inherited)",
				);
				GCC_WARN_64_TO_32_BIT_CONVERSION = YES;
				GCC_WARN_ABOUT_RETURN_TYPE = YES_ERROR;
				GCC_WARN_UNDECLARED_SELECTOR = YES;
				GCC_WARN_UNINITIALIZED_AUTOS = YES_AGGRESSIVE;
				GCC_WARN_UNUSED_FUNCTION = YES;
				GCC_WARN_UNUSED_VARIABLE = YES;
				IPHONEOS_DEPLOYMENT_TARGET = 10.0;
				MTL_ENABLE_DEBUG_INFO = YES;
				ONLY_ACTIVE_ARCH = YES;
				SDKROOT = iphoneos;
				SWIFT_ACTIVE_COMPILATION_CONDITIONS = DEBUG;
				SWIFT_OPTIMIZATION_LEVEL = "-Onone";
				TARGETED_DEVICE_FAMILY = "1,2";
			};
			name = Debug;
		};
		283D9AF41D9295A300213EE9 /* Release */ = {
			isa = XCBuildConfiguration;
			buildSettings = {
				ALWAYS_SEARCH_USER_PATHS = NO;
				CLANG_ANALYZER_NONNULL = YES;
				CLANG_CXX_LANGUAGE_STANDARD = "gnu++0x";
				CLANG_CXX_LIBRARY = "libc++";
				CLANG_ENABLE_MODULES = YES;
				CLANG_ENABLE_OBJC_ARC = YES;
				CLANG_WARN_BOOL_CONVERSION = YES;
				CLANG_WARN_CONSTANT_CONVERSION = YES;
				CLANG_WARN_DIRECT_OBJC_ISA_USAGE = YES_ERROR;
				CLANG_WARN_DOCUMENTATION_COMMENTS = YES;
				CLANG_WARN_EMPTY_BODY = YES;
				CLANG_WARN_ENUM_CONVERSION = YES;
				CLANG_WARN_INFINITE_RECURSION = YES;
				CLANG_WARN_INT_CONVERSION = YES;
				CLANG_WARN_OBJC_ROOT_CLASS = YES_ERROR;
				CLANG_WARN_SUSPICIOUS_MOVES = YES;
				CLANG_WARN_UNREACHABLE_CODE = YES;
				CLANG_WARN__DUPLICATE_METHOD_MATCH = YES;
				"CODE_SIGN_IDENTITY[sdk=iphoneos*]" = "iPhone Developer";
				COPY_PHASE_STRIP = NO;
				DEBUG_INFORMATION_FORMAT = "dwarf-with-dsym";
				ENABLE_NS_ASSERTIONS = NO;
				ENABLE_STRICT_OBJC_MSGSEND = YES;
				GCC_C_LANGUAGE_STANDARD = gnu99;
				GCC_NO_COMMON_BLOCKS = YES;
				GCC_WARN_64_TO_32_BIT_CONVERSION = YES;
				GCC_WARN_ABOUT_RETURN_TYPE = YES_ERROR;
				GCC_WARN_UNDECLARED_SELECTOR = YES;
				GCC_WARN_UNINITIALIZED_AUTOS = YES_AGGRESSIVE;
				GCC_WARN_UNUSED_FUNCTION = YES;
				GCC_WARN_UNUSED_VARIABLE = YES;
				IPHONEOS_DEPLOYMENT_TARGET = 10.0;
				MTL_ENABLE_DEBUG_INFO = NO;
				SDKROOT = iphoneos;
				SWIFT_OPTIMIZATION_LEVEL = "-Owholemodule";
				TARGETED_DEVICE_FAMILY = "1,2";
				VALIDATE_PRODUCT = YES;
			};
			name = Release;
		};
		283D9AF61D9295A300213EE9 /* Debug */ = {
			isa = XCBuildConfiguration;
			buildSettings = {
				ASSETCATALOG_COMPILER_APPICON_NAME = AppIcon;
				DEVELOPMENT_TEAM = CKUF38R4M7;
				INFOPLIST_FILE = UICollectionViewTest/Info.plist;
				LD_RUNPATH_SEARCH_PATHS = "$(inherited) @executable_path/Frameworks";
				PRODUCT_BUNDLE_IDENTIFIER = jaki.UICollectionViewTest;
				PRODUCT_NAME = "$(TARGET_NAME)";
				SWIFT_VERSION = 3.0;
			};
			name = Debug;
		};
		283D9AF71D9295A300213EE9 /* Release */ = {
			isa = XCBuildConfiguration;
			buildSettings = {
				ASSETCATALOG_COMPILER_APPICON_NAME = AppIcon;
				DEVELOPMENT_TEAM = CKUF38R4M7;
				INFOPLIST_FILE = UICollectionViewTest/Info.plist;
				LD_RUNPATH_SEARCH_PATHS = "$(inherited) @executable_path/Frameworks";
				PRODUCT_BUNDLE_IDENTIFIER = jaki.UICollectionViewTest;
				PRODUCT_NAME = "$(TARGET_NAME)";
				SWIFT_VERSION = 3.0;
			};
			name = Release;
		};
/* End XCBuildConfiguration section */

/* Begin XCConfigurationList section */
		283D9ADE1D9295A300213EE9 /* Build configuration list for PBXProject "UICollectionViewTest" */ = {
			isa = XCConfigurationList;
			buildConfigurations = (
				283D9AF31D9295A300213EE9 /* Debug */,
				283D9AF41D9295A300213EE9 /* Release */,
			);
			defaultConfigurationIsVisible = 0;
			defaultConfigurationName = Release;
		};
		283D9AF51D9295A300213EE9 /* Build configuration list for PBXNativeTarget "UICollectionViewTest" */ = {
			isa = XCConfigurationList;
			buildConfigurations = (
				283D9AF61D9295A300213EE9 /* Debug */,
				283D9AF71D9295A300213EE9 /* Release */,
			);
			defaultConfigurationIsVisible = 0;
			defaultConfigurationName = Release;
		};
/* End XCConfigurationList section */
	};
	rootObject = 283D9ADB1D9295A300213EE9 /* Project object */;
}
