// !$*UTF8*$!
{
	archiveVersion = 1;
	classes = {
	};
	objectVersion = 46;
	objects = {

/* Begin PBXBuildFile section */
		289F3B841E00E4CE001BB281 /* AppDelegate.swift in Sources */ = {isa = PBXBuildFile; fileRef = 289F3B831E00E4CE001BB281 /* AppDelegate.swift */; };
		289F3B861E00E4CE001BB281 /* ViewController.swift in Sources */ = {isa = PBXBuildFile; fileRef = 289F3B851E00E4CE001BB281 /* ViewController.swift */; };
		289F3B891E00E4CE001BB281 /* Main.storyboard in Resources */ = {isa = PBXBuildFile; fileRef = 289F3B871E00E4CE001BB281 /* Main.storyboard */; };
		289F3B8B1E00E4CE001BB281 /* Assets.xcassets in Resources */ = {isa = PBXBuildFile; fileRef = 289F3B8A1E00E4CE001BB281 /* Assets.xcassets */; };
		289F3B8E1E00E4CE001BB281 /* LaunchScreen.storyboard in Resources */ = {isa = PBXBuildFile; fileRef = 289F3B8C1E00E4CE001BB281 /* LaunchScreen.storyboard */; };
/* End PBXBuildFile section */

/* Begin PBXFileReference section */
		289F3B801E00E4CE001BB281 /* UISegmentedControlTest.app */ = {isa = PBXFileReference; explicitFileType = wrapper.application; includeInIndex = 0; path = UISegmentedControlTest.app; sourceTree = BUILT_PRODUCTS_DIR; };
		289F3B831E00E4CE001BB281 /* AppDelegate.swift */ = {isa = PBXFileReference; lastKnownFileType = sourcecode.swift; path = AppDelegate.swift; sourceTree = "<group>"; };
		289F3B851E00E4CE001BB281 /* ViewController.swift */ = {isa = PBXFileReference; lastKnownFileType = sourcecode.swift; path = ViewController.swift; sourceTree = "<group>"; };
		289F3B881E00E4CE001BB281 /* Base */ = {isa = PBXFileReference; lastKnownFileType = file.storyboard; name = Base; path = Base.lproj/Main.storyboard; sourceTree = "<group>"; };
		289F3B8A1E00E4CE001BB281 /* Assets.xcassets */ = {isa = PBXFileReference; lastKnownFileType = folder.assetcatalog; path = Assets.xcassets; sourceTree = "<group>"; };
		289F3B8D1E00E4CE001BB281 /* Base */ = {isa = PBXFileReference; lastKnownFileType = file.storyboard; name = Base; path = Base.lproj/LaunchScreen.storyboard; sourceTree = "<group>"; };
		289F3B8F1E00E4CE001BB281 /* Info.plist */ = {isa = PBXFileReference; lastKnownFileType = text.plist.xml; path = Info.plist; sourceTree = "<group>"; };
/* End PBXFileReference section */

/* Begin PBXFrameworksBuildPhase section */
		289F3B7D1E00E4CE001BB281 /* Frameworks */ = {
			isa = PBXFrameworksBuildPhase;
			buildActionMask = 2147483647;
			files = (
			);
			runOnlyForDeploymentPostprocessing = 0;
		};
/* End PBXFrameworksBuildPhase section */

/* Begin PBXGroup section */
		289F3B771E00E4CE001BB281 = {
			isa = PBXGroup;
			children = (
				289F3B821E00E4CE001BB281 /* UISegmentedControlTest */,
				289F3B811E00E4CE001BB281 /* Products */,
			);
			sourceTree = "<group>";
		};
		289F3B811E00E4CE001BB281 /* Products */ = {
			isa = PBXGroup;
			children = (
				289F3B801E00E4CE001BB281 /* UISegmentedControlTest.app */,
			);
			name = Products;
			sourceTree = "<group>";
		};
		289F3B821E00E4CE001BB281 /* UISegmentedControlTest */ = {
			isa = PBXGroup;
			children = (
				289F3B831E00E4CE001BB281 /* AppDelegate.swift */,
				289F3B851E00E4CE001BB281 /* ViewController.swift */,
				289F3B871E00E4CE001BB281 /* Main.storyboard */,
				289F3B8A1E00E4CE001BB281 /* Assets.xcassets */,
				289F3B8C1E00E4CE001BB281 /* LaunchScreen.storyboard */,
				289F3B8F1E00E4CE001BB281 /* Info.plist */,
			);
			path = UISegmentedControlTest;
			sourceTree = "<group>";
		};
/* End PBXGroup section */

/* Begin PBXNativeTarget section */
		289F3B7F1E00E4CE001BB281 /* UISegmentedControlTest */ = {
			isa = PBXNativeTarget;
			buildConfigurationList = 289F3B921E00E4CE001BB281 /* Build configuration list for PBXNativeTarget "UISegmentedControlTest" */;
			buildPhases = (
				289F3B7C1E00E4CE001BB281 /* Sources */,
				289F3B7D1E00E4CE001BB281 /* Frameworks */,
				289F3B7E1E00E4CE001BB281 /* Resources */,
			);
			buildRules = (
			);
			dependencies = (
			);
			name = UISegmentedControlTest;
			productName = UISegmentedControlTest;
			productReference = 289F3B801E00E4CE001BB281 /* UISegmentedControlTest.app */;
			productType = "com.apple.product-type.application";
		};
/* End PBXNativeTarget section */

/* Begin PBXProject section */
		289F3B781E00E4CE001BB281 /* Project object */ = {
			isa = PBXProject;
			attributes = {
				LastSwiftUpdateCheck = 0810;
				LastUpgradeCheck = 0810;
				ORGANIZATIONNAME = jaki;
				TargetAttributes = {
					289F3B7F1E00E4CE001BB281 = {
						CreatedOnToolsVersion = 8.1;
						DevelopmentTeam = CKUF38R4M7;
						ProvisioningStyle = Automatic;
					};
				};
			};
			buildConfigurationList = 289F3B7B1E00E4CE001BB281 /* Build configuration list for PBXProject "UISegmentedControlTest" */;
			compatibilityVersion = "Xcode 3.2";
			developmentRegion = English;
			hasScannedForEncodings = 0;
			knownRegions = (
				en,
				Base,
			);
			mainGroup = 289F3B771E00E4CE001BB281;
			productRefGroup = 289F3B811E00E4CE001BB281 /* Products */;
			projectDirPath = "";
			projectRoot = "";
			targets = (
				289F3B7F1E00E4CE001BB281 /* UISegmentedControlTest */,
			);
		};
/* End PBXProject section */

/* Begin PBXResourcesBuildPhase section */
		289F3B7E1E00E4CE001BB281 /* Resources */ = {
			isa = PBXResourcesBuildPhase;
			buildActionMask = 2147483647;
			files = (
				289F3B8E1E00E4CE001BB281 /* LaunchScreen.storyboard in Resources */,
				289F3B8B1E00E4CE001BB281 /* Assets.xcassets in Resources */,
				289F3B891E00E4CE001BB281 /* Main.storyboard in Resources */,
			);
			runOnlyForDeploymentPostprocessing = 0;
		};
/* End PBXResourcesBuildPhase section */

/* Begin PBXSourcesBuildPhase section */
		289F3B7C1E00E4CE001BB281 /* Sources */ = {
			isa = PBXSourcesBuildPhase;
			buildActionMask = 2147483647;
			files = (
				289F3B861E00E4CE001BB281 /* ViewController.swift in Sources */,
				289F3B841E00E4CE001BB281 /* AppDelegate.swift in Sources */,
			);
			runOnlyForDeploymentPostprocessing = 0;
		};
/* End PBXSourcesBuildPhase section */

/* Begin PBXVariantGroup section */
		289F3B871E00E4CE001BB281 /* Main.storyboard */ = {
			isa = PBXVariantGroup;
			children = (
				289F3B881E00E4CE001BB281 /* Base */,
			);
			name = Main.storyboard;
			sourceTree = "<group>";
		};
		289F3B8C1E00E4CE001BB281 /* LaunchScreen.storyboard */ = {
			isa = PBXVariantGroup;
			children = (
				289F3B8D1E00E4CE001BB281 /* Base */,
			);
			name = LaunchScreen.storyboard;
			sourceTree = "<group>";
		};
/* End PBXVariantGroup section */

/* Begin XCBuildConfiguration section */
		289F3B901E00E4CE001BB281 /* Debug */ = {
			isa = XCBuildConfiguration;
			buildSettings = {
				ALWAYS_SEARCH_USER_PATHS = NO;
				CLANG_ANALYZER_NONNULL = YES;
				CLANG_CXX_LANGUAGE_STANDARD = "gnu++0x";
				CLANG_CXX_LIBRARY = "libc++";
				CLANG_ENABLE_MODULES = YES;
				CLANG_ENABLE_OBJC_ARC = YES;
				CLANG_WARN_BOOL_CONVERSION = YES;
				CLANG_WARN_CONSTANT_CONVERSION = YES;
				CLANG_WARN_DIRECT_OBJC_ISA_USAGE = YES_ERROR;
				CLANG_WARN_DOCUMENTATION_COMMENTS = YES;
				CLANG_WARN_EMPTY_BODY = YES;
				CLANG_WARN_ENUM_CONVERSION = YES;
				CLANG_WARN_INFINITE_RECURSION = YES;
				CLANG_WARN_INT_CONVERSION = YES;
				CLANG_WARN_OBJC_ROOT_CLASS = YES_ERROR;
				CLANG_WARN_SUSPICIOUS_MOVES = YES;
				CLANG_WARN_UNREACHABLE_CODE = YES;
				CLANG_WARN__DUPLICATE_METHOD_MATCH = YES;
				"CODE_SIGN_IDENTITY[sdk=iphoneos*]" = "iPhone Developer";
				COPY_PHASE_STRIP = NO;
				DEBUG_INFORMATION_FORMAT = dwarf;
				ENABLE_STRICT_OBJC_MSGSEND = YES;
				ENABLE_TESTABILITY = YES;
				GCC_C_LANGUAGE_STANDARD = gnu99;
				GCC_DYNAMIC_NO_PIC = NO;
				GCC_NO_COMMON_BLOCKS = YES;
				GCC_OPTIMIZATION_LEVEL = 0;
				GCC_PREPROCESSOR_DEFINITIONS = (
					"DEBUG=1",
					"$(inherited)",
				);
				GCC_WARN_64_TO_32_BIT_CONVERSION = YES;
				GCC_WARN_ABOUT_RETURN_TYPE = YES_ERROR;
				GCC_WARN_UNDECLARED_SELECTOR = YES;
				GCC_WARN_UNINITIALIZED_AUTOS = YES_AGGRESSIVE;
				GCC_WARN_UNUSED_FUNCTION = YES;
				GCC_WARN_UNUSED_VARIABLE = YES;
				IPHONEOS_DEPLOYMENT_TARGET = 10.1;
				MTL_ENABLE_DEBUG_INFO = YES;
				ONLY_ACTIVE_ARCH = YES;
				SDKROOT = iphoneos;
				SWIFT_ACTIVE_COMPILATION_CONDITIONS = DEBUG;
				SWIFT_OPTIMIZATION_LEVEL = "-Onone";
				TARGETED_DEVICE_FAMILY = "1,2";
			};
			name = Debug;
		};
		289F3B911E00E4CE001BB281 /* Release */ = {
			isa = XCBuildConfiguration;
			buildSettings = {
				ALWAYS_SEARCH_USER_PATHS = NO;
				CLANG_ANALYZER_NONNULL = YES;
				CLANG_CXX_LANGUAGE_STANDARD = "gnu++0x";
				CLANG_CXX_LIBRARY = "libc++";
				CLANG_ENABLE_MODULES = YES;
				CLANG_ENABLE_OBJC_ARC = YES;
				CLANG_WARN_BOOL_CONVERSION = YES;
				CLANG_WARN_CONSTANT_CONVERSION = YES;
				CLANG_WARN_DIRECT_OBJC_ISA_USAGE = YES_ERROR;
				CLANG_WARN_DOCUMENTATION_COMMENTS = YES;
				CLANG_WARN_EMPTY_BODY = YES;
				CLANG_WARN_ENUM_CONVERSION = YES;
				CLANG_WARN_INFINITE_RECURSION = YES;
				CLANG_WARN_INT_CONVERSION = YES;
				CLANG_WARN_OBJC_ROOT_CLASS = YES_ERROR;
				CLANG_WARN_SUSPICIOUS_MOVES = YES;
				CLANG_WARN_UNREACHABLE_CODE = YES;
				CLANG_WARN__DUPLICATE_METHOD_MATCH = YES;
				"CODE_SIGN_IDENTITY[sdk=iphoneos*]" = "iPhone Developer";
				COPY_PHASE_STRIP = NO;
				DEBUG_INFORMATION_FORMAT = "dwarf-with-dsym";
				ENABLE_NS_ASSERTIONS = NO;
				ENABLE_STRICT_OBJC_MSGSEND = YES;
				GCC_C_LANGUAGE_STANDARD = gnu99;
				GCC_NO_COMMON_BLOCKS = YES;
				GCC_WARN_64_TO_32_BIT_CONVERSION = YES;
				GCC_WARN_ABOUT_RETURN_TYPE = YES_ERROR;
				GCC_WARN_UNDECLARED_SELECTOR = YES;
				GCC_WARN_UNINITIALIZED_AUTOS = YES_AGGRESSIVE;
				GCC_WARN_UNUSED_FUNCTION = YES;
				GCC_WARN_UNUSED_VARIABLE = YES;
				IPHONEOS_DEPLOYMENT_TARGET = 10.1;
				MTL_ENABLE_DEBUG_INFO = NO;
				SDKROOT = iphoneos;
				SWIFT_OPTIMIZATION_LEVEL = "-Owholemodule";
				TARGETED_DEVICE_FAMILY = "1,2";
				VALIDATE_PRODUCT = YES;
			};
			name = Release;
		};
		289F3B931E00E4CE001BB281 /* Debug */ = {
			isa = XCBuildConfiguration;
			buildSettings = {
				ASSETCATALOG_COMPILER_APPICON_NAME = AppIcon;
				DEVELOPMENT_TEAM = CKUF38R4M7;
				INFOPLIST_FILE = UISegmentedControlTest/Info.plist;
				LD_RUNPATH_SEARCH_PATHS = "$(inherited) @executable_path/Frameworks";
				PRODUCT_BUNDLE_IDENTIFIER = jaki.UISegmentedControlTest;
				PRODUCT_NAME = "$(TARGET_NAME)";
				SWIFT_VERSION = 3.0;
			};
			name = Debug;
		};
		289F3B941E00E4CE001BB281 /* Release */ = {
			isa = XCBuildConfiguration;
			buildSettings = {
				ASSETCATALOG_COMPILER_APPICON_NAME = AppIcon;
				DEVELOPMENT_TEAM = CKUF38R4M7;
				INFOPLIST_FILE = UISegmentedControlTest/Info.plist;
				LD_RUNPATH_SEARCH_PATHS = "$(inherited) @executable_path/Frameworks";
				PRODUCT_BUNDLE_IDENTIFIER = jaki.UISegmentedControlTest;
				PRODUCT_NAME = "$(TARGET_NAME)";
				SWIFT_VERSION = 3.0;
			};
			name = Release;
		};
/* End XCBuildConfiguration section */

/* Begin XCConfigurationList section */
		289F3B7B1E00E4CE001BB281 /* Build configuration list for PBXProject "UISegmentedControlTest" */ = {
			isa = XCConfigurationList;
			buildConfigurations = (
				289F3B901E00E4CE001BB281 /* Debug */,
				289F3B911E00E4CE001BB281 /* Release */,
			);
			defaultConfigurationIsVisible = 0;
			defaultConfigurationName = Release;
		};
		289F3B921E00E4CE001BB281 /* Build configuration list for PBXNativeTarget "UISegmentedControlTest" */ = {
			isa = XCConfigurationList;
			buildConfigurations = (
				289F3B931E00E4CE001BB281 /* Debug */,
				289F3B941E00E4CE001BB281 /* Release */,
			);
			defaultConfigurationIsVisible = 0;
		};
/* End XCConfigurationList section */
	};
	rootObject = 289F3B781E00E4CE001BB281 /* Project object */;
}
