// !$*UTF8*$!
{
	archiveVersion = 1;
	classes = {
	};
	objectVersion = 46;
	objects = {

/* Begin PBXBuildFile section */
		28C6EDBF1E55588100ABA677 /* AppDelegate.swift in Sources */ = {isa = PBXBuildFile; fileRef = 28C6EDBE1E55588100ABA677 /* AppDelegate.swift */; };
		28C6EDC11E55588100ABA677 /* ViewController.swift in Sources */ = {isa = PBXBuildFile; fileRef = 28C6EDC01E55588100ABA677 /* ViewController.swift */; };
		28C6EDC41E55588100ABA677 /* Main.storyboard in Resources */ = {isa = PBXBuildFile; fileRef = 28C6EDC21E55588100ABA677 /* Main.storyboard */; };
		28C6EDC61E55588100ABA677 /* Assets.xcassets in Resources */ = {isa = PBXBuildFile; fileRef = 28C6EDC51E55588100ABA677 /* Assets.xcassets */; };
		28C6EDC91E55588100ABA677 /* LaunchScreen.storyboard in Resources */ = {isa = PBXBuildFile; fileRef = 28C6EDC71E55588100ABA677 /* LaunchScreen.storyboard */; };
/* End PBXBuildFile section */

/* Begin PBXFileReference section */
		28C6EDBB1E55588100ABA677 /* UIViewAnimationTest.app */ = {isa = PBXFileReference; explicitFileType = wrapper.application; includeInIndex = 0; path = UIViewAnimationTest.app; sourceTree = BUILT_PRODUCTS_DIR; };
		28C6EDBE1E55588100ABA677 /* AppDelegate.swift */ = {isa = PBXFileReference; lastKnownFileType = sourcecode.swift; path = AppDelegate.swift; sourceTree = "<group>"; };
		28C6EDC01E55588100ABA677 /* ViewController.swift */ = {isa = PBXFileReference; lastKnownFileType = sourcecode.swift; path = ViewController.swift; sourceTree = "<group>"; };
		28C6EDC31E55588100ABA677 /* Base */ = {isa = PBXFileReference; lastKnownFileType = file.storyboard; name = Base; path = Base.lproj/Main.storyboard; sourceTree = "<group>"; };
		28C6EDC51E55588100ABA677 /* Assets.xcassets */ = {isa = PBXFileReference; lastKnownFileType = folder.assetcatalog; path = Assets.xcassets; sourceTree = "<group>"; };
		28C6EDC81E55588100ABA677 /* Base */ = {isa = PBXFileReference; lastKnownFileType = file.storyboard; name = Base; path = Base.lproj/LaunchScreen.storyboard; sourceTree = "<group>"; };
		28C6EDCA1E55588100ABA677 /* Info.plist */ = {isa = PBXFileReference; lastKnownFileType = text.plist.xml; path = Info.plist; sourceTree = "<group>"; };
/* End PBXFileReference section */

/* Begin PBXFrameworksBuildPhase section */
		28C6EDB81E55588100ABA677 /* Frameworks */ = {
			isa = PBXFrameworksBuildPhase;
			buildActionMask = 2147483647;
			files = (
			);
			runOnlyForDeploymentPostprocessing = 0;
		};
/* End PBXFrameworksBuildPhase section */

/* Begin PBXGroup section */
		28C6EDB21E55588100ABA677 = {
			isa = PBXGroup;
			children = (
				28C6EDBD1E55588100ABA677 /* UIViewAnimationTest */,
				28C6EDBC1E55588100ABA677 /* Products */,
			);
			sourceTree = "<group>";
		};
		28C6EDBC1E55588100ABA677 /* Products */ = {
			isa = PBXGroup;
			children = (
				28C6EDBB1E55588100ABA677 /* UIViewAnimationTest.app */,
			);
			name = Products;
			sourceTree = "<group>";
		};
		28C6EDBD1E55588100ABA677 /* UIViewAnimationTest */ = {
			isa = PBXGroup;
			children = (
				28C6EDBE1E55588100ABA677 /* AppDelegate.swift */,
				28C6EDC01E55588100ABA677 /* ViewController.swift */,
				28C6EDC21E55588100ABA677 /* Main.storyboard */,
				28C6EDC51E55588100ABA677 /* Assets.xcassets */,
				28C6EDC71E55588100ABA677 /* LaunchScreen.storyboard */,
				28C6EDCA1E55588100ABA677 /* Info.plist */,
			);
			path = UIViewAnimationTest;
			sourceTree = "<group>";
		};
/* End PBXGroup section */

/* Begin PBXNativeTarget section */
		28C6EDBA1E55588100ABA677 /* UIViewAnimationTest */ = {
			isa = PBXNativeTarget;
			buildConfigurationList = 28C6EDCD1E55588100ABA677 /* Build configuration list for PBXNativeTarget "UIViewAnimationTest" */;
			buildPhases = (
				28C6EDB71E55588100ABA677 /* Sources */,
				28C6EDB81E55588100ABA677 /* Frameworks */,
				28C6EDB91E55588100ABA677 /* Resources */,
			);
			buildRules = (
			);
			dependencies = (
			);
			name = UIViewAnimationTest;
			productName = UIViewAnimationTest;
			productReference = 28C6EDBB1E55588100ABA677 /* UIViewAnimationTest.app */;
			productType = "com.apple.product-type.application";
		};
/* End PBXNativeTarget section */

/* Begin PBXProject section */
		28C6EDB31E55588100ABA677 /* Project object */ = {
			isa = PBXProject;
			attributes = {
				LastSwiftUpdateCheck = 0820;
				LastUpgradeCheck = 0820;
				ORGANIZATIONNAME = jaki;
				TargetAttributes = {
					28C6EDBA1E55588100ABA677 = {
						CreatedOnToolsVersion = 8.2.1;
						DevelopmentTeam = CKUF38R4M7;
						ProvisioningStyle = Automatic;
					};
				};
			};
			buildConfigurationList = 28C6EDB61E55588100ABA677 /* Build configuration list for PBXProject "UIViewAnimationTest" */;
			compatibilityVersion = "Xcode 3.2";
			developmentRegion = English;
			hasScannedForEncodings = 0;
			knownRegions = (
				en,
				Base,
			);
			mainGroup = 28C6EDB21E55588100ABA677;
			productRefGroup = 28C6EDBC1E55588100ABA677 /* Products */;
			projectDirPath = "";
			projectRoot = "";
			targets = (
				28C6EDBA1E55588100ABA677 /* UIViewAnimationTest */,
			);
		};
/* End PBXProject section */

/* Begin PBXResourcesBuildPhase section */
		28C6EDB91E55588100ABA677 /* Resources */ = {
			isa = PBXResourcesBuildPhase;
			buildActionMask = 2147483647;
			files = (
				28C6EDC91E55588100ABA677 /* LaunchScreen.storyboard in Resources */,
				28C6EDC61E55588100ABA677 /* Assets.xcassets in Resources */,
				28C6EDC41E55588100ABA677 /* Main.storyboard in Resources */,
			);
			runOnlyForDeploymentPostprocessing = 0;
		};
/* End PBXResourcesBuildPhase section */

/* Begin PBXSourcesBuildPhase section */
		28C6EDB71E55588100ABA677 /* Sources */ = {
			isa = PBXSourcesBuildPhase;
			buildActionMask = 2147483647;
			files = (
				28C6EDC11E55588100ABA677 /* ViewController.swift in Sources */,
				28C6EDBF1E55588100ABA677 /* AppDelegate.swift in Sources */,
			);
			runOnlyForDeploymentPostprocessing = 0;
		};
/* End PBXSourcesBuildPhase section */

/* Begin PBXVariantGroup section */
		28C6EDC21E55588100ABA677 /* Main.storyboard */ = {
			isa = PBXVariantGroup;
			children = (
				28C6EDC31E55588100ABA677 /* Base */,
			);
			name = Main.storyboard;
			sourceTree = "<group>";
		};
		28C6EDC71E55588100ABA677 /* LaunchScreen.storyboard */ = {
			isa = PBXVariantGroup;
			children = (
				28C6EDC81E55588100ABA677 /* Base */,
			);
			name = LaunchScreen.storyboard;
			sourceTree = "<group>";
		};
/* End PBXVariantGroup section */

/* Begin XCBuildConfiguration section */
		28C6EDCB1E55588100ABA677 /* Debug */ = {
			isa = XCBuildConfiguration;
			buildSettings = {
				ALWAYS_SEARCH_USER_PATHS = NO;
				CLANG_ANALYZER_NONNULL = YES;
				CLANG_CXX_LANGUAGE_STANDARD = "gnu++0x";
				CLANG_CXX_LIBRARY = "libc++";
				CLANG_ENABLE_MODULES = YES;
				CLANG_ENABLE_OBJC_ARC = YES;
				CLANG_WARN_BOOL_CONVERSION = YES;
				CLANG_WARN_CONSTANT_CONVERSION = YES;
				CLANG_WARN_DIRECT_OBJC_ISA_USAGE = YES_ERROR;
				CLANG_WARN_DOCUMENTATION_COMMENTS = YES;
				CLANG_WARN_EMPTY_BODY = YES;
				CLANG_WARN_ENUM_CONVERSION = YES;
				CLANG_WARN_INFINITE_RECURSION = YES;
				CLANG_WARN_INT_CONVERSION = YES;
				CLANG_WARN_OBJC_ROOT_CLASS = YES_ERROR;
				CLANG_WARN_SUSPICIOUS_MOVE = YES;
				CLANG_WARN_UNREACHABLE_CODE = YES;
				CLANG_WARN__DUPLICATE_METHOD_MATCH = YES;
				"CODE_SIGN_IDENTITY[sdk=iphoneos*]" = "iPhone Developer";
				COPY_PHASE_STRIP = NO;
				DEBUG_INFORMATION_FORMAT = dwarf;
				ENABLE_STRICT_OBJC_MSGSEND = YES;
				ENABLE_TESTABILITY = YES;
				GCC_C_LANGUAGE_STANDARD = gnu99;
				GCC_DYNAMIC_NO_PIC = NO;
				GCC_NO_COMMON_BLOCKS = YES;
				GCC_OPTIMIZATION_LEVEL = 0;
				GCC_PREPROCESSOR_DEFINITIONS = (
					"DEBUG=1",
					"$(inherited)",
				);
				GCC_WARN_64_TO_32_BIT_CONVERSION = YES;
				GCC_WARN_ABOUT_RETURN_TYPE = YES_ERROR;
				GCC_WARN_UNDECLARED_SELECTOR = YES;
				GCC_WARN_UNINITIALIZED_AUTOS = YES_AGGRESSIVE;
				GCC_WARN_UNUSED_FUNCTION = YES;
				GCC_WARN_UNUSED_VARIABLE = YES;
				IPHONEOS_DEPLOYMENT_TARGET = 10.2;
				MTL_ENABLE_DEBUG_INFO = YES;
				ONLY_ACTIVE_ARCH = YES;
				SDKROOT = iphoneos;
				SWIFT_ACTIVE_COMPILATION_CONDITIONS = DEBUG;
				SWIFT_OPTIMIZATION_LEVEL = "-Onone";
				TARGETED_DEVICE_FAMILY = "1,2";
			};
			name = Debug;
		};
		28C6EDCC1E55588100ABA677 /* Release */ = {
			isa = XCBuildConfiguration;
			buildSettings = {
				ALWAYS_SEARCH_USER_PATHS = NO;
				CLANG_ANALYZER_NONNULL = YES;
				CLANG_CXX_LANGUAGE_STANDARD = "gnu++0x";
				CLANG_CXX_LIBRARY = "libc++";
				CLANG_ENABLE_MODULES = YES;
				CLANG_ENABLE_OBJC_ARC = YES;
				CLANG_WARN_BOOL_CONVERSION = YES;
				CLANG_WARN_CONSTANT_CONVERSION = YES;
				CLANG_WARN_DIRECT_OBJC_ISA_USAGE = YES_ERROR;
				CLANG_WARN_DOCUMENTATION_COMMENTS = YES;
				CLANG_WARN_EMPTY_BODY = YES;
				CLANG_WARN_ENUM_CONVERSION = YES;
				CLANG_WARN_INFINITE_RECURSION = YES;
				CLANG_WARN_INT_CONVERSION = YES;
				CLANG_WARN_OBJC_ROOT_CLASS = YES_ERROR;
				CLANG_WARN_SUSPICIOUS_MOVE = YES;
				CLANG_WARN_UNREACHABLE_CODE = YES;
				CLANG_WARN__DUPLICATE_METHOD_MATCH = YES;
				"CODE_SIGN_IDENTITY[sdk=iphoneos*]" = "iPhone Developer";
				COPY_PHASE_STRIP = NO;
				DEBUG_INFORMATION_FORMAT = "dwarf-with-dsym";
				ENABLE_NS_ASSERTIONS = NO;
				ENABLE_STRICT_OBJC_MSGSEND = YES;
				GCC_C_LANGUAGE_STANDARD = gnu99;
				GCC_NO_COMMON_BLOCKS = YES;
				GCC_WARN_64_TO_32_BIT_CONVERSION = YES;
				GCC_WARN_ABOUT_RETURN_TYPE = YES_ERROR;
				GCC_WARN_UNDECLARED_SELECTOR = YES;
				GCC_WARN_UNINITIALIZED_AUTOS = YES_AGGRESSIVE;
				GCC_WARN_UNUSED_FUNCTION = YES;
				GCC_WARN_UNUSED_VARIABLE = YES;
				IPHONEOS_DEPLOYMENT_TARGET = 10.2;
				MTL_ENABLE_DEBUG_INFO = NO;
				SDKROOT = iphoneos;
				SWIFT_OPTIMIZATION_LEVEL = "-Owholemodule";
				TARGETED_DEVICE_FAMILY = "1,2";
				VALIDATE_PRODUCT = YES;
			};
			name = Release;
		};
		28C6EDCE1E55588100ABA677 /* Debug */ = {
			isa = XCBuildConfiguration;
			buildSettings = {
				ASSETCATALOG_COMPILER_APPICON_NAME = AppIcon;
				DEVELOPMENT_TEAM = CKUF38R4M7;
				INFOPLIST_FILE = UIViewAnimationTest/Info.plist;
				LD_RUNPATH_SEARCH_PATHS = "$(inherited) @executable_path/Frameworks";
				PRODUCT_BUNDLE_IDENTIFIER = jaki.UIViewAnimationTest;
				PRODUCT_NAME = "$(TARGET_NAME)";
				SWIFT_VERSION = 3.0;
			};
			name = Debug;
		};
		28C6EDCF1E55588100ABA677 /* Release */ = {
			isa = XCBuildConfiguration;
			buildSettings = {
				ASSETCATALOG_COMPILER_APPICON_NAME = AppIcon;
				DEVELOPMENT_TEAM = CKUF38R4M7;
				INFOPLIST_FILE = UIViewAnimationTest/Info.plist;
				LD_RUNPATH_SEARCH_PATHS = "$(inherited) @executable_path/Frameworks";
				PRODUCT_BUNDLE_IDENTIFIER = jaki.UIViewAnimationTest;
				PRODUCT_NAME = "$(TARGET_NAME)";
				SWIFT_VERSION = 3.0;
			};
			name = Release;
		};
/* End XCBuildConfiguration section */

/* Begin XCConfigurationList section */
		28C6EDB61E55588100ABA677 /* Build configuration list for PBXProject "UIViewAnimationTest" */ = {
			isa = XCConfigurationList;
			buildConfigurations = (
				28C6EDCB1E55588100ABA677 /* Debug */,
				28C6EDCC1E55588100ABA677 /* Release */,
			);
			defaultConfigurationIsVisible = 0;
			defaultConfigurationName = Release;
		};
		28C6EDCD1E55588100ABA677 /* Build configuration list for PBXNativeTarget "UIViewAnimationTest" */ = {
			isa = XCConfigurationList;
			buildConfigurations = (
				28C6EDCE1E55588100ABA677 /* Debug */,
				28C6EDCF1E55588100ABA677 /* Release */,
			);
			defaultConfigurationIsVisible = 0;
		};
/* End XCConfigurationList section */
	};
	rootObject = 28C6EDB31E55588100ABA677 /* Project object */;
}
