// !$*UTF8*$!
{
	archiveVersion = 1;
	classes = {
	};
	objectVersion = 46;
	objects = {

/* Begin PBXBuildFile section */
		28538F971D84EF830004F0EF /* AppDelegate.swift in Sources */ = {isa = PBXBuildFile; fileRef = 28538F961D84EF830004F0EF /* AppDelegate.swift */; };
		28538F991D84EF830004F0EF /* ViewController.swift in Sources */ = {isa = PBXBuildFile; fileRef = 28538F981D84EF830004F0EF /* ViewController.swift */; };
		28538F9C1D84EF830004F0EF /* Main.storyboard in Resources */ = {isa = PBXBuildFile; fileRef = 28538F9A1D84EF830004F0EF /* Main.storyboard */; };
		28538F9E1D84EF830004F0EF /* Assets.xcassets in Resources */ = {isa = PBXBuildFile; fileRef = 28538F9D1D84EF830004F0EF /* Assets.xcassets */; };
		28538FA11D84EF830004F0EF /* LaunchScreen.storyboard in Resources */ = {isa = PBXBuildFile; fileRef = 28538F9F1D84EF830004F0EF /* LaunchScreen.storyboard */; };
/* End PBXBuildFile section */

/* Begin PBXFileReference section */
		28538F931D84EF830004F0EF /* UIWebViewTest.app */ = {isa = PBXFileReference; explicitFileType = wrapper.application; includeInIndex = 0; path = UIWebViewTest.app; sourceTree = BUILT_PRODUCTS_DIR; };
		28538F961D84EF830004F0EF /* AppDelegate.swift */ = {isa = PBXFileReference; lastKnownFileType = sourcecode.swift; path = AppDelegate.swift; sourceTree = "<group>"; };
		28538F981D84EF830004F0EF /* ViewController.swift */ = {isa = PBXFileReference; lastKnownFileType = sourcecode.swift; path = ViewController.swift; sourceTree = "<group>"; };
		28538F9B1D84EF830004F0EF /* Base */ = {isa = PBXFileReference; lastKnownFileType = file.storyboard; name = Base; path = Base.lproj/Main.storyboard; sourceTree = "<group>"; };
		28538F9D1D84EF830004F0EF /* Assets.xcassets */ = {isa = PBXFileReference; lastKnownFileType = folder.assetcatalog; path = Assets.xcassets; sourceTree = "<group>"; };
		28538FA01D84EF830004F0EF /* Base */ = {isa = PBXFileReference; lastKnownFileType = file.storyboard; name = Base; path = Base.lproj/LaunchScreen.storyboard; sourceTree = "<group>"; };
		28538FA21D84EF830004F0EF /* Info.plist */ = {isa = PBXFileReference; lastKnownFileType = text.plist.xml; path = Info.plist; sourceTree = "<group>"; };
/* End PBXFileReference section */

/* Begin PBXFrameworksBuildPhase section */
		28538F901D84EF830004F0EF /* Frameworks */ = {
			isa = PBXFrameworksBuildPhase;
			buildActionMask = 2147483647;
			files = (
			);
			runOnlyForDeploymentPostprocessing = 0;
		};
/* End PBXFrameworksBuildPhase section */

/* Begin PBXGroup section */
		28538F8A1D84EF830004F0EF = {
			isa = PBXGroup;
			children = (
				28538F951D84EF830004F0EF /* UIWebViewTest */,
				28538F941D84EF830004F0EF /* Products */,
			);
			sourceTree = "<group>";
		};
		28538F941D84EF830004F0EF /* Products */ = {
			isa = PBXGroup;
			children = (
				28538F931D84EF830004F0EF /* UIWebViewTest.app */,
			);
			name = Products;
			sourceTree = "<group>";
		};
		28538F951D84EF830004F0EF /* UIWebViewTest */ = {
			isa = PBXGroup;
			children = (
				28538F961D84EF830004F0EF /* AppDelegate.swift */,
				28538F981D84EF830004F0EF /* ViewController.swift */,
				28538F9A1D84EF830004F0EF /* Main.storyboard */,
				28538F9D1D84EF830004F0EF /* Assets.xcassets */,
				28538F9F1D84EF830004F0EF /* LaunchScreen.storyboard */,
				28538FA21D84EF830004F0EF /* Info.plist */,
			);
			path = UIWebViewTest;
			sourceTree = "<group>";
		};
/* End PBXGroup section */

/* Begin PBXNativeTarget section */
		28538F921D84EF830004F0EF /* UIWebViewTest */ = {
			isa = PBXNativeTarget;
			buildConfigurationList = 28538FA51D84EF830004F0EF /* Build configuration list for PBXNativeTarget "UIWebViewTest" */;
			buildPhases = (
				28538F8F1D84EF830004F0EF /* Sources */,
				28538F901D84EF830004F0EF /* Frameworks */,
				28538F911D84EF830004F0EF /* Resources */,
			);
			buildRules = (
			);
			dependencies = (
			);
			name = UIWebViewTest;
			productName = UIWebViewTest;
			productReference = 28538F931D84EF830004F0EF /* UIWebViewTest.app */;
			productType = "com.apple.product-type.application";
		};
/* End PBXNativeTarget section */

/* Begin PBXProject section */
		28538F8B1D84EF830004F0EF /* Project object */ = {
			isa = PBXProject;
			attributes = {
				LastSwiftUpdateCheck = 0800;
				LastUpgradeCheck = 0800;
				ORGANIZATIONNAME = jaki;
				TargetAttributes = {
					28538F921D84EF830004F0EF = {
						CreatedOnToolsVersion = 8.0;
						DevelopmentTeam = CKUF38R4M7;
						DevelopmentTeamName = "益珲 张 (Personal Team)";
						ProvisioningStyle = Automatic;
					};
				};
			};
			buildConfigurationList = 28538F8E1D84EF830004F0EF /* Build configuration list for PBXProject "UIWebViewTest" */;
			compatibilityVersion = "Xcode 3.2";
			developmentRegion = English;
			hasScannedForEncodings = 0;
			knownRegions = (
				en,
				Base,
			);
			mainGroup = 28538F8A1D84EF830004F0EF;
			productRefGroup = 28538F941D84EF830004F0EF /* Products */;
			projectDirPath = "";
			projectRoot = "";
			targets = (
				28538F921D84EF830004F0EF /* UIWebViewTest */,
			);
		};
/* End PBXProject section */

/* Begin PBXResourcesBuildPhase section */
		28538F911D84EF830004F0EF /* Resources */ = {
			isa = PBXResourcesBuildPhase;
			buildActionMask = 2147483647;
			files = (
				28538FA11D84EF830004F0EF /* LaunchScreen.storyboard in Resources */,
				28538F9E1D84EF830004F0EF /* Assets.xcassets in Resources */,
				28538F9C1D84EF830004F0EF /* Main.storyboard in Resources */,
			);
			runOnlyForDeploymentPostprocessing = 0;
		};
/* End PBXResourcesBuildPhase section */

/* Begin PBXSourcesBuildPhase section */
		28538F8F1D84EF830004F0EF /* Sources */ = {
			isa = PBXSourcesBuildPhase;
			buildActionMask = 2147483647;
			files = (
				28538F991D84EF830004F0EF /* ViewController.swift in Sources */,
				28538F971D84EF830004F0EF /* AppDelegate.swift in Sources */,
			);
			runOnlyForDeploymentPostprocessing = 0;
		};
/* End PBXSourcesBuildPhase section */

/* Begin PBXVariantGroup section */
		28538F9A1D84EF830004F0EF /* Main.storyboard */ = {
			isa = PBXVariantGroup;
			children = (
				28538F9B1D84EF830004F0EF /* Base */,
			);
			name = Main.storyboard;
			sourceTree = "<group>";
		};
		28538F9F1D84EF830004F0EF /* LaunchScreen.storyboard */ = {
			isa = PBXVariantGroup;
			children = (
				28538FA01D84EF830004F0EF /* Base */,
			);
			name = LaunchScreen.storyboard;
			sourceTree = "<group>";
		};
/* End PBXVariantGroup section */

/* Begin XCBuildConfiguration section */
		28538FA31D84EF830004F0EF /* Debug */ = {
			isa = XCBuildConfiguration;
			buildSettings = {
				ALWAYS_SEARCH_USER_PATHS = NO;
				CLANG_ANALYZER_NONNULL = YES;
				CLANG_CXX_LANGUAGE_STANDARD = "gnu++0x";
				CLANG_CXX_LIBRARY = "libc++";
				CLANG_ENABLE_MODULES = YES;
				CLANG_ENABLE_OBJC_ARC = YES;
				CLANG_WARN_BOOL_CONVERSION = YES;
				CLANG_WARN_CONSTANT_CONVERSION = YES;
				CLANG_WARN_DIRECT_OBJC_ISA_USAGE = YES_ERROR;
				CLANG_WARN_DOCUMENTATION_COMMENTS = YES;
				CLANG_WARN_EMPTY_BODY = YES;
				CLANG_WARN_ENUM_CONVERSION = YES;
				CLANG_WARN_INT_CONVERSION = YES;
				CLANG_WARN_OBJC_ROOT_CLASS = YES_ERROR;
				CLANG_WARN_UNREACHABLE_CODE = YES;
				CLANG_WARN__DUPLICATE_METHOD_MATCH = YES;
				"CODE_SIGN_IDENTITY[sdk=iphoneos*]" = "iPhone Developer";
				COPY_PHASE_STRIP = NO;
				DEBUG_INFORMATION_FORMAT = dwarf;
				ENABLE_STRICT_OBJC_MSGSEND = YES;
				ENABLE_TESTABILITY = YES;
				GCC_C_LANGUAGE_STANDARD = gnu99;
				GCC_DYNAMIC_NO_PIC = NO;
				GCC_NO_COMMON_BLOCKS = YES;
				GCC_OPTIMIZATION_LEVEL = 0;
				GCC_PREPROCESSOR_DEFINITIONS = (
					"DEBUG=1",
					"$(inherited)",
				);
				GCC_WARN_64_TO_32_BIT_CONVERSION = YES;
				GCC_WARN_ABOUT_RETURN_TYPE = YES_ERROR;
				GCC_WARN_UNDECLARED_SELECTOR = YES;
				GCC_WARN_UNINITIALIZED_AUTOS = YES_AGGRESSIVE;
				GCC_WARN_UNUSED_FUNCTION = YES;
				GCC_WARN_UNUSED_VARIABLE = YES;
				IPHONEOS_DEPLOYMENT_TARGET = 10.0;
				MTL_ENABLE_DEBUG_INFO = YES;
				ONLY_ACTIVE_ARCH = YES;
				SDKROOT = iphoneos;
				SWIFT_ACTIVE_COMPILATION_CONDITIONS = DEBUG;
				SWIFT_OPTIMIZATION_LEVEL = "-Onone";
				TARGETED_DEVICE_FAMILY = "1,2";
			};
			name = Debug;
		};
		28538FA41D84EF830004F0EF /* Release */ = {
			isa = XCBuildConfiguration;
			buildSettings = {
				ALWAYS_SEARCH_USER_PATHS = NO;
				CLANG_ANALYZER_NONNULL = YES;
				CLANG_CXX_LANGUAGE_STANDARD = "gnu++0x";
				CLANG_CXX_LIBRARY = "libc++";
				CLANG_ENABLE_MODULES = YES;
				CLANG_ENABLE_OBJC_ARC = YES;
				CLANG_WARN_BOOL_CONVERSION = YES;
				CLANG_WARN_CONSTANT_CONVERSION = YES;
				CLANG_WARN_DIRECT_OBJC_ISA_USAGE = YES_ERROR;
				CLANG_WARN_DOCUMENTATION_COMMENTS = YES;
				CLANG_WARN_EMPTY_BODY = YES;
				CLANG_WARN_ENUM_CONVERSION = YES;
				CLANG_WARN_INT_CONVERSION = YES;
				CLANG_WARN_OBJC_ROOT_CLASS = YES_ERROR;
				CLANG_WARN_UNREACHABLE_CODE = YES;
				CLANG_WARN__DUPLICATE_METHOD_MATCH = YES;
				"CODE_SIGN_IDENTITY[sdk=iphoneos*]" = "iPhone Developer";
				COPY_PHASE_STRIP = NO;
				DEBUG_INFORMATION_FORMAT = "dwarf-with-dsym";
				ENABLE_NS_ASSERTIONS = NO;
				ENABLE_STRICT_OBJC_MSGSEND = YES;
				GCC_C_LANGUAGE_STANDARD = gnu99;
				GCC_NO_COMMON_BLOCKS = YES;
				GCC_WARN_64_TO_32_BIT_CONVERSION = YES;
				GCC_WARN_ABOUT_RETURN_TYPE = YES_ERROR;
				GCC_WARN_UNDECLARED_SELECTOR = YES;
				GCC_WARN_UNINITIALIZED_AUTOS = YES_AGGRESSIVE;
				GCC_WARN_UNUSED_FUNCTION = YES;
				GCC_WARN_UNUSED_VARIABLE = YES;
				IPHONEOS_DEPLOYMENT_TARGET = 10.0;
				MTL_ENABLE_DEBUG_INFO = NO;
				SDKROOT = iphoneos;
				SWIFT_OPTIMIZATION_LEVEL = "-Owholemodule";
				TARGETED_DEVICE_FAMILY = "1,2";
				VALIDATE_PRODUCT = YES;
			};
			name = Release;
		};
		28538FA61D84EF830004F0EF /* Debug */ = {
			isa = XCBuildConfiguration;
			buildSettings = {
				ASSETCATALOG_COMPILER_APPICON_NAME = AppIcon;
				INFOPLIST_FILE = UIWebViewTest/Info.plist;
				LD_RUNPATH_SEARCH_PATHS = "$(inherited) @executable_path/Frameworks";
				PRODUCT_BUNDLE_IDENTIFIER = jaki.UIWebViewTest;
				PRODUCT_NAME = "$(TARGET_NAME)";
				SWIFT_VERSION = 3.0;
			};
			name = Debug;
		};
		28538FA71D84EF830004F0EF /* Release */ = {
			isa = XCBuildConfiguration;
			buildSettings = {
				ASSETCATALOG_COMPILER_APPICON_NAME = AppIcon;
				INFOPLIST_FILE = UIWebViewTest/Info.plist;
				LD_RUNPATH_SEARCH_PATHS = "$(inherited) @executable_path/Frameworks";
				PRODUCT_BUNDLE_IDENTIFIER = jaki.UIWebViewTest;
				PRODUCT_NAME = "$(TARGET_NAME)";
				SWIFT_VERSION = 3.0;
			};
			name = Release;
		};
/* End XCBuildConfiguration section */

/* Begin XCConfigurationList section */
		28538F8E1D84EF830004F0EF /* Build configuration list for PBXProject "UIWebViewTest" */ = {
			isa = XCConfigurationList;
			buildConfigurations = (
				28538FA31D84EF830004F0EF /* Debug */,
				28538FA41D84EF830004F0EF /* Release */,
			);
			defaultConfigurationIsVisible = 0;
			defaultConfigurationName = Release;
		};
		28538FA51D84EF830004F0EF /* Build configuration list for PBXNativeTarget "UIWebViewTest" */ = {
			isa = XCConfigurationList;
			buildConfigurations = (
				28538FA61D84EF830004F0EF /* Debug */,
				28538FA71D84EF830004F0EF /* Release */,
			);
			defaultConfigurationIsVisible = 0;
		};
/* End XCConfigurationList section */
	};
	rootObject = 28538F8B1D84EF830004F0EF /* Project object */;
}
