// !$*UTF8*$!
{
	archiveVersion = 1;
	classes = {
	};
	objectVersion = 46;
	objects = {

/* Begin PBXBuildFile section */
		28A9BF9E1E6EA4580024CBD8 /* AppDelegate.swift in Sources */ = {isa = PBXBuildFile; fileRef = 28A9BF9D1E6EA4580024CBD8 /* AppDelegate.swift */; };
		28A9BFA01E6EA4580024CBD8 /* ViewController.swift in Sources */ = {isa = PBXBuildFile; fileRef = 28A9BF9F1E6EA4580024CBD8 /* ViewController.swift */; };
		28A9BFA31E6EA4580024CBD8 /* Main.storyboard in Resources */ = {isa = PBXBuildFile; fileRef = 28A9BFA11E6EA4580024CBD8 /* Main.storyboard */; };
		28A9BFA51E6EA4580024CBD8 /* Assets.xcassets in Resources */ = {isa = PBXBuildFile; fileRef = 28A9BFA41E6EA4580024CBD8 /* Assets.xcassets */; };
		28A9BFA81E6EA4580024CBD8 /* LaunchScreen.storyboard in Resources */ = {isa = PBXBuildFile; fileRef = 28A9BFA61E6EA4580024CBD8 /* LaunchScreen.storyboard */; };
/* End PBXBuildFile section */

/* Begin PBXFileReference section */
		28A9BF9A1E6EA4580024CBD8 /* CoreLocationTest.app */ = {isa = PBXFileReference; explicitFileType = wrapper.application; includeInIndex = 0; path = CoreLocationTest.app; sourceTree = BUILT_PRODUCTS_DIR; };
		28A9BF9D1E6EA4580024CBD8 /* AppDelegate.swift */ = {isa = PBXFileReference; lastKnownFileType = sourcecode.swift; path = AppDelegate.swift; sourceTree = "<group>"; };
		28A9BF9F1E6EA4580024CBD8 /* ViewController.swift */ = {isa = PBXFileReference; lastKnownFileType = sourcecode.swift; path = ViewController.swift; sourceTree = "<group>"; };
		28A9BFA21E6EA4580024CBD8 /* Base */ = {isa = PBXFileReference; lastKnownFileType = file.storyboard; name = Base; path = Base.lproj/Main.storyboard; sourceTree = "<group>"; };
		28A9BFA41E6EA4580024CBD8 /* Assets.xcassets */ = {isa = PBXFileReference; lastKnownFileType = folder.assetcatalog; path = Assets.xcassets; sourceTree = "<group>"; };
		28A9BFA71E6EA4580024CBD8 /* Base */ = {isa = PBXFileReference; lastKnownFileType = file.storyboard; name = Base; path = Base.lproj/LaunchScreen.storyboard; sourceTree = "<group>"; };
		28A9BFA91E6EA4580024CBD8 /* Info.plist */ = {isa = PBXFileReference; lastKnownFileType = text.plist.xml; path = Info.plist; sourceTree = "<group>"; };
/* End PBXFileReference section */

/* Begin PBXFrameworksBuildPhase section */
		28A9BF971E6EA4580024CBD8 /* Frameworks */ = {
			isa = PBXFrameworksBuildPhase;
			buildActionMask = 2147483647;
			files = (
			);
			runOnlyForDeploymentPostprocessing = 0;
		};
/* End PBXFrameworksBuildPhase section */

/* Begin PBXGroup section */
		28A9BF911E6EA4580024CBD8 = {
			isa = PBXGroup;
			children = (
				28A9BF9C1E6EA4580024CBD8 /* CoreLocationTest */,
				28A9BF9B1E6EA4580024CBD8 /* Products */,
			);
			sourceTree = "<group>";
		};
		28A9BF9B1E6EA4580024CBD8 /* Products */ = {
			isa = PBXGroup;
			children = (
				28A9BF9A1E6EA4580024CBD8 /* CoreLocationTest.app */,
			);
			name = Products;
			sourceTree = "<group>";
		};
		28A9BF9C1E6EA4580024CBD8 /* CoreLocationTest */ = {
			isa = PBXGroup;
			children = (
				28A9BF9D1E6EA4580024CBD8 /* AppDelegate.swift */,
				28A9BF9F1E6EA4580024CBD8 /* ViewController.swift */,
				28A9BFA11E6EA4580024CBD8 /* Main.storyboard */,
				28A9BFA41E6EA4580024CBD8 /* Assets.xcassets */,
				28A9BFA61E6EA4580024CBD8 /* LaunchScreen.storyboard */,
				28A9BFA91E6EA4580024CBD8 /* Info.plist */,
			);
			path = CoreLocationTest;
			sourceTree = "<group>";
		};
/* End PBXGroup section */

/* Begin PBXNativeTarget section */
		28A9BF991E6EA4580024CBD8 /* CoreLocationTest */ = {
			isa = PBXNativeTarget;
			buildConfigurationList = 28A9BFAC1E6EA4580024CBD8 /* Build configuration list for PBXNativeTarget "CoreLocationTest" */;
			buildPhases = (
				28A9BF961E6EA4580024CBD8 /* Sources */,
				28A9BF971E6EA4580024CBD8 /* Frameworks */,
				28A9BF981E6EA4580024CBD8 /* Resources */,
			);
			buildRules = (
			);
			dependencies = (
			);
			name = CoreLocationTest;
			productName = CoreLocationTest;
			productReference = 28A9BF9A1E6EA4580024CBD8 /* CoreLocationTest.app */;
			productType = "com.apple.product-type.application";
		};
/* End PBXNativeTarget section */

/* Begin PBXProject section */
		28A9BF921E6EA4580024CBD8 /* Project object */ = {
			isa = PBXProject;
			attributes = {
				LastSwiftUpdateCheck = 0820;
				LastUpgradeCheck = 0820;
				ORGANIZATIONNAME = jaki;
				TargetAttributes = {
					28A9BF991E6EA4580024CBD8 = {
						CreatedOnToolsVersion = 8.2.1;
						DevelopmentTeam = CKUF38R4M7;
						ProvisioningStyle = Automatic;
						SystemCapabilities = {
							com.apple.BackgroundModes = {
								enabled = 1;
							};
						};
					};
				};
			};
			buildConfigurationList = 28A9BF951E6EA4580024CBD8 /* Build configuration list for PBXProject "CoreLocationTest" */;
			compatibilityVersion = "Xcode 3.2";
			developmentRegion = English;
			hasScannedForEncodings = 0;
			knownRegions = (
				en,
				Base,
			);
			mainGroup = 28A9BF911E6EA4580024CBD8;
			productRefGroup = 28A9BF9B1E6EA4580024CBD8 /* Products */;
			projectDirPath = "";
			projectRoot = "";
			targets = (
				28A9BF991E6EA4580024CBD8 /* CoreLocationTest */,
			);
		};
/* End PBXProject section */

/* Begin PBXResourcesBuildPhase section */
		28A9BF981E6EA4580024CBD8 /* Resources */ = {
			isa = PBXResourcesBuildPhase;
			buildActionMask = 2147483647;
			files = (
				28A9BFA81E6EA4580024CBD8 /* LaunchScreen.storyboard in Resources */,
				28A9BFA51E6EA4580024CBD8 /* Assets.xcassets in Resources */,
				28A9BFA31E6EA4580024CBD8 /* Main.storyboard in Resources */,
			);
			runOnlyForDeploymentPostprocessing = 0;
		};
/* End PBXResourcesBuildPhase section */

/* Begin PBXSourcesBuildPhase section */
		28A9BF961E6EA4580024CBD8 /* Sources */ = {
			isa = PBXSourcesBuildPhase;
			buildActionMask = 2147483647;
			files = (
				28A9BFA01E6EA4580024CBD8 /* ViewController.swift in Sources */,
				28A9BF9E1E6EA4580024CBD8 /* AppDelegate.swift in Sources */,
			);
			runOnlyForDeploymentPostprocessing = 0;
		};
/* End PBXSourcesBuildPhase section */

/* Begin PBXVariantGroup section */
		28A9BFA11E6EA4580024CBD8 /* Main.storyboard */ = {
			isa = PBXVariantGroup;
			children = (
				28A9BFA21E6EA4580024CBD8 /* Base */,
			);
			name = Main.storyboard;
			sourceTree = "<group>";
		};
		28A9BFA61E6EA4580024CBD8 /* LaunchScreen.storyboard */ = {
			isa = PBXVariantGroup;
			children = (
				28A9BFA71E6EA4580024CBD8 /* Base */,
			);
			name = LaunchScreen.storyboard;
			sourceTree = "<group>";
		};
/* End PBXVariantGroup section */

/* Begin XCBuildConfiguration section */
		28A9BFAA1E6EA4580024CBD8 /* Debug */ = {
			isa = XCBuildConfiguration;
			buildSettings = {
				ALWAYS_SEARCH_USER_PATHS = NO;
				CLANG_ANALYZER_NONNULL = YES;
				CLANG_CXX_LANGUAGE_STANDARD = "gnu++0x";
				CLANG_CXX_LIBRARY = "libc++";
				CLANG_ENABLE_MODULES = YES;
				CLANG_ENABLE_OBJC_ARC = YES;
				CLANG_WARN_BOOL_CONVERSION = YES;
				CLANG_WARN_CONSTANT_CONVERSION = YES;
				CLANG_WARN_DIRECT_OBJC_ISA_USAGE = YES_ERROR;
				CLANG_WARN_DOCUMENTATION_COMMENTS = YES;
				CLANG_WARN_EMPTY_BODY = YES;
				CLANG_WARN_ENUM_CONVERSION = YES;
				CLANG_WARN_INFINITE_RECURSION = YES;
				CLANG_WARN_INT_CONVERSION = YES;
				CLANG_WARN_OBJC_ROOT_CLASS = YES_ERROR;
				CLANG_WARN_SUSPICIOUS_MOVE = YES;
				CLANG_WARN_UNREACHABLE_CODE = YES;
				CLANG_WARN__DUPLICATE_METHOD_MATCH = YES;
				"CODE_SIGN_IDENTITY[sdk=iphoneos*]" = "iPhone Developer";
				COPY_PHASE_STRIP = NO;
				DEBUG_INFORMATION_FORMAT = dwarf;
				ENABLE_STRICT_OBJC_MSGSEND = YES;
				ENABLE_TESTABILITY = YES;
				GCC_C_LANGUAGE_STANDARD = gnu99;
				GCC_DYNAMIC_NO_PIC = NO;
				GCC_NO_COMMON_BLOCKS = YES;
				GCC_OPTIMIZATION_LEVEL = 0;
				GCC_PREPROCESSOR_DEFINITIONS = (
					"DEBUG=1",
					"$(inherited)",
				);
				GCC_WARN_64_TO_32_BIT_CONVERSION = YES;
				GCC_WARN_ABOUT_RETURN_TYPE = YES_ERROR;
				GCC_WARN_UNDECLARED_SELECTOR = YES;
				GCC_WARN_UNINITIALIZED_AUTOS = YES_AGGRESSIVE;
				GCC_WARN_UNUSED_FUNCTION = YES;
				GCC_WARN_UNUSED_VARIABLE = YES;
				IPHONEOS_DEPLOYMENT_TARGET = 10.2;
				MTL_ENABLE_DEBUG_INFO = YES;
				ONLY_ACTIVE_ARCH = YES;
				SDKROOT = iphoneos;
				SWIFT_ACTIVE_COMPILATION_CONDITIONS = DEBUG;
				SWIFT_OPTIMIZATION_LEVEL = "-Onone";
				TARGETED_DEVICE_FAMILY = "1,2";
			};
			name = Debug;
		};
		28A9BFAB1E6EA4580024CBD8 /* Release */ = {
			isa = XCBuildConfiguration;
			buildSettings = {
				ALWAYS_SEARCH_USER_PATHS = NO;
				CLANG_ANALYZER_NONNULL = YES;
				CLANG_CXX_LANGUAGE_STANDARD = "gnu++0x";
				CLANG_CXX_LIBRARY = "libc++";
				CLANG_ENABLE_MODULES = YES;
				CLANG_ENABLE_OBJC_ARC = YES;
				CLANG_WARN_BOOL_CONVERSION = YES;
				CLANG_WARN_CONSTANT_CONVERSION = YES;
				CLANG_WARN_DIRECT_OBJC_ISA_USAGE = YES_ERROR;
				CLANG_WARN_DOCUMENTATION_COMMENTS = YES;
				CLANG_WARN_EMPTY_BODY = YES;
				CLANG_WARN_ENUM_CONVERSION = YES;
				CLANG_WARN_INFINITE_RECURSION = YES;
				CLANG_WARN_INT_CONVERSION = YES;
				CLANG_WARN_OBJC_ROOT_CLASS = YES_ERROR;
				CLANG_WARN_SUSPICIOUS_MOVE = YES;
				CLANG_WARN_UNREACHABLE_CODE = YES;
				CLANG_WARN__DUPLICATE_METHOD_MATCH = YES;
				"CODE_SIGN_IDENTITY[sdk=iphoneos*]" = "iPhone Developer";
				COPY_PHASE_STRIP = NO;
				DEBUG_INFORMATION_FORMAT = "dwarf-with-dsym";
				ENABLE_NS_ASSERTIONS = NO;
				ENABLE_STRICT_OBJC_MSGSEND = YES;
				GCC_C_LANGUAGE_STANDARD = gnu99;
				GCC_NO_COMMON_BLOCKS = YES;
				GCC_WARN_64_TO_32_BIT_CONVERSION = YES;
				GCC_WARN_ABOUT_RETURN_TYPE = YES_ERROR;
				GCC_WARN_UNDECLARED_SELECTOR = YES;
				GCC_WARN_UNINITIALIZED_AUTOS = YES_AGGRESSIVE;
				GCC_WARN_UNUSED_FUNCTION = YES;
				GCC_WARN_UNUSED_VARIABLE = YES;
				IPHONEOS_DEPLOYMENT_TARGET = 10.2;
				MTL_ENABLE_DEBUG_INFO = NO;
				SDKROOT = iphoneos;
				SWIFT_OPTIMIZATION_LEVEL = "-Owholemodule";
				TARGETED_DEVICE_FAMILY = "1,2";
				VALIDATE_PRODUCT = YES;
			};
			name = Release;
		};
		28A9BFAD1E6EA4580024CBD8 /* Debug */ = {
			isa = XCBuildConfiguration;
			buildSettings = {
				ASSETCATALOG_COMPILER_APPICON_NAME = AppIcon;
				DEVELOPMENT_TEAM = CKUF38R4M7;
				INFOPLIST_FILE = CoreLocationTest/Info.plist;
				LD_RUNPATH_SEARCH_PATHS = "$(inherited) @executable_path/Frameworks";
				PRODUCT_BUNDLE_IDENTIFIER = jaki.CoreLocationTest;
				PRODUCT_NAME = "$(TARGET_NAME)";
				SWIFT_VERSION = 3.0;
			};
			name = Debug;
		};
		28A9BFAE1E6EA4580024CBD8 /* Release */ = {
			isa = XCBuildConfiguration;
			buildSettings = {
				ASSETCATALOG_COMPILER_APPICON_NAME = AppIcon;
				DEVELOPMENT_TEAM = CKUF38R4M7;
				INFOPLIST_FILE = CoreLocationTest/Info.plist;
				LD_RUNPATH_SEARCH_PATHS = "$(inherited) @executable_path/Frameworks";
				PRODUCT_BUNDLE_IDENTIFIER = jaki.CoreLocationTest;
				PRODUCT_NAME = "$(TARGET_NAME)";
				SWIFT_VERSION = 3.0;
			};
			name = Release;
		};
/* End XCBuildConfiguration section */

/* Begin XCConfigurationList section */
		28A9BF951E6EA4580024CBD8 /* Build configuration list for PBXProject "CoreLocationTest" */ = {
			isa = XCConfigurationList;
			buildConfigurations = (
				28A9BFAA1E6EA4580024CBD8 /* Debug */,
				28A9BFAB1E6EA4580024CBD8 /* Release */,
			);
			defaultConfigurationIsVisible = 0;
			defaultConfigurationName = Release;
		};
		28A9BFAC1E6EA4580024CBD8 /* Build configuration list for PBXNativeTarget "CoreLocationTest" */ = {
			isa = XCConfigurationList;
			buildConfigurations = (
				28A9BFAD1E6EA4580024CBD8 /* Debug */,
				28A9BFAE1E6EA4580024CBD8 /* Release */,
			);
			defaultConfigurationIsVisible = 0;
		};
/* End XCConfigurationList section */
	};
	rootObject = 28A9BF921E6EA4580024CBD8 /* Project object */;
}
