// !$*UTF8*$!
{
	archiveVersion = 1;
	classes = {
	};
	objectVersion = 46;
	objects = {

/* Begin PBXBuildFile section */
		28FDBCF31E894C0500AC9806 /* AppDelegate.swift in Sources */ = {isa = PBXBuildFile; fileRef = 28FDBCF21E894C0500AC9806 /* AppDelegate.swift */; };
		28FDBCF51E894C0500AC9806 /* ViewController.swift in Sources */ = {isa = PBXBuildFile; fileRef = 28FDBCF41E894C0500AC9806 /* ViewController.swift */; };
		28FDBCF81E894C0500AC9806 /* Main.storyboard in Resources */ = {isa = PBXBuildFile; fileRef = 28FDBCF61E894C0500AC9806 /* Main.storyboard */; };
		28FDBCFA1E894C0500AC9806 /* Assets.xcassets in Resources */ = {isa = PBXBuildFile; fileRef = 28FDBCF91E894C0500AC9806 /* Assets.xcassets */; };
		28FDBCFD1E894C0500AC9806 /* LaunchScreen.storyboard in Resources */ = {isa = PBXBuildFile; fileRef = 28FDBCFB1E894C0500AC9806 /* LaunchScreen.storyboard */; };
		28FDBD061E894C3500AC9806 /* StudentModel.xcdatamodeld in Sources */ = {isa = PBXBuildFile; fileRef = 28FDBD041E894C3500AC9806 /* StudentModel.xcdatamodeld */; };
/* End PBXBuildFile section */

/* Begin PBXFileReference section */
		28FDBCEF1E894C0500AC9806 /* CoreDataTest.app */ = {isa = PBXFileReference; explicitFileType = wrapper.application; includeInIndex = 0; path = CoreDataTest.app; sourceTree = BUILT_PRODUCTS_DIR; };
		28FDBCF21E894C0500AC9806 /* AppDelegate.swift */ = {isa = PBXFileReference; lastKnownFileType = sourcecode.swift; path = AppDelegate.swift; sourceTree = "<group>"; };
		28FDBCF41E894C0500AC9806 /* ViewController.swift */ = {isa = PBXFileReference; lastKnownFileType = sourcecode.swift; path = ViewController.swift; sourceTree = "<group>"; };
		28FDBCF71E894C0500AC9806 /* Base */ = {isa = PBXFileReference; lastKnownFileType = file.storyboard; name = Base; path = Base.lproj/Main.storyboard; sourceTree = "<group>"; };
		28FDBCF91E894C0500AC9806 /* Assets.xcassets */ = {isa = PBXFileReference; lastKnownFileType = folder.assetcatalog; path = Assets.xcassets; sourceTree = "<group>"; };
		28FDBCFC1E894C0500AC9806 /* Base */ = {isa = PBXFileReference; lastKnownFileType = file.storyboard; name = Base; path = Base.lproj/LaunchScreen.storyboard; sourceTree = "<group>"; };
		28FDBCFE1E894C0500AC9806 /* Info.plist */ = {isa = PBXFileReference; lastKnownFileType = text.plist.xml; path = Info.plist; sourceTree = "<group>"; };
		28FDBD051E894C3500AC9806 /* StudentModel.xcdatamodel */ = {isa = PBXFileReference; lastKnownFileType = wrapper.xcdatamodel; path = StudentModel.xcdatamodel; sourceTree = "<group>"; };
/* End PBXFileReference section */

/* Begin PBXFrameworksBuildPhase section */
		28FDBCEC1E894C0500AC9806 /* Frameworks */ = {
			isa = PBXFrameworksBuildPhase;
			buildActionMask = 2147483647;
			files = (
			);
			runOnlyForDeploymentPostprocessing = 0;
		};
/* End PBXFrameworksBuildPhase section */

/* Begin PBXGroup section */
		28FDBCE61E894C0500AC9806 = {
			isa = PBXGroup;
			children = (
				28FDBCF11E894C0500AC9806 /* CoreDataTest */,
				28FDBCF01E894C0500AC9806 /* Products */,
			);
			sourceTree = "<group>";
		};
		28FDBCF01E894C0500AC9806 /* Products */ = {
			isa = PBXGroup;
			children = (
				28FDBCEF1E894C0500AC9806 /* CoreDataTest.app */,
			);
			name = Products;
			sourceTree = "<group>";
		};
		28FDBCF11E894C0500AC9806 /* CoreDataTest */ = {
			isa = PBXGroup;
			children = (
				28FDBCF21E894C0500AC9806 /* AppDelegate.swift */,
				28FDBCF41E894C0500AC9806 /* ViewController.swift */,
				28FDBCF61E894C0500AC9806 /* Main.storyboard */,
				28FDBD041E894C3500AC9806 /* StudentModel.xcdatamodeld */,
				28FDBCF91E894C0500AC9806 /* Assets.xcassets */,
				28FDBCFB1E894C0500AC9806 /* LaunchScreen.storyboard */,
				28FDBCFE1E894C0500AC9806 /* Info.plist */,
			);
			path = CoreDataTest;
			sourceTree = "<group>";
		};
/* End PBXGroup section */

/* Begin PBXNativeTarget section */
		28FDBCEE1E894C0500AC9806 /* CoreDataTest */ = {
			isa = PBXNativeTarget;
			buildConfigurationList = 28FDBD011E894C0500AC9806 /* Build configuration list for PBXNativeTarget "CoreDataTest" */;
			buildPhases = (
				28FDBCEB1E894C0500AC9806 /* Sources */,
				28FDBCEC1E894C0500AC9806 /* Frameworks */,
				28FDBCED1E894C0500AC9806 /* Resources */,
			);
			buildRules = (
			);
			dependencies = (
			);
			name = CoreDataTest;
			productName = CoreDataTest;
			productReference = 28FDBCEF1E894C0500AC9806 /* CoreDataTest.app */;
			productType = "com.apple.product-type.application";
		};
/* End PBXNativeTarget section */

/* Begin PBXProject section */
		28FDBCE71E894C0500AC9806 /* Project object */ = {
			isa = PBXProject;
			attributes = {
				LastSwiftUpdateCheck = 0820;
				LastUpgradeCheck = 0820;
				ORGANIZATIONNAME = jaki;
				TargetAttributes = {
					28FDBCEE1E894C0500AC9806 = {
						CreatedOnToolsVersion = 8.2.1;
						ProvisioningStyle = Automatic;
					};
				};
			};
			buildConfigurationList = 28FDBCEA1E894C0500AC9806 /* Build configuration list for PBXProject "CoreDataTest" */;
			compatibilityVersion = "Xcode 3.2";
			developmentRegion = English;
			hasScannedForEncodings = 0;
			knownRegions = (
				en,
				Base,
			);
			mainGroup = 28FDBCE61E894C0500AC9806;
			productRefGroup = 28FDBCF01E894C0500AC9806 /* Products */;
			projectDirPath = "";
			projectRoot = "";
			targets = (
				28FDBCEE1E894C0500AC9806 /* CoreDataTest */,
			);
		};
/* End PBXProject section */

/* Begin PBXResourcesBuildPhase section */
		28FDBCED1E894C0500AC9806 /* Resources */ = {
			isa = PBXResourcesBuildPhase;
			buildActionMask = 2147483647;
			files = (
				28FDBCFD1E894C0500AC9806 /* LaunchScreen.storyboard in Resources */,
				28FDBCFA1E894C0500AC9806 /* Assets.xcassets in Resources */,
				28FDBCF81E894C0500AC9806 /* Main.storyboard in Resources */,
			);
			runOnlyForDeploymentPostprocessing = 0;
		};
/* End PBXResourcesBuildPhase section */

/* Begin PBXSourcesBuildPhase section */
		28FDBCEB1E894C0500AC9806 /* Sources */ = {
			isa = PBXSourcesBuildPhase;
			buildActionMask = 2147483647;
			files = (
				28FDBCF51E894C0500AC9806 /* ViewController.swift in Sources */,
				28FDBD061E894C3500AC9806 /* StudentModel.xcdatamodeld in Sources */,
				28FDBCF31E894C0500AC9806 /* AppDelegate.swift in Sources */,
			);
			runOnlyForDeploymentPostprocessing = 0;
		};
/* End PBXSourcesBuildPhase section */

/* Begin PBXVariantGroup section */
		28FDBCF61E894C0500AC9806 /* Main.storyboard */ = {
			isa = PBXVariantGroup;
			children = (
				28FDBCF71E894C0500AC9806 /* Base */,
			);
			name = Main.storyboard;
			sourceTree = "<group>";
		};
		28FDBCFB1E894C0500AC9806 /* LaunchScreen.storyboard */ = {
			isa = PBXVariantGroup;
			children = (
				28FDBCFC1E894C0500AC9806 /* Base */,
			);
			name = LaunchScreen.storyboard;
			sourceTree = "<group>";
		};
/* End PBXVariantGroup section */

/* Begin XCBuildConfiguration section */
		28FDBCFF1E894C0500AC9806 /* Debug */ = {
			isa = XCBuildConfiguration;
			buildSettings = {
				ALWAYS_SEARCH_USER_PATHS = NO;
				CLANG_ANALYZER_NONNULL = YES;
				CLANG_CXX_LANGUAGE_STANDARD = "gnu++0x";
				CLANG_CXX_LIBRARY = "libc++";
				CLANG_ENABLE_MODULES = YES;
				CLANG_ENABLE_OBJC_ARC = YES;
				CLANG_WARN_BOOL_CONVERSION = YES;
				CLANG_WARN_CONSTANT_CONVERSION = YES;
				CLANG_WARN_DIRECT_OBJC_ISA_USAGE = YES_ERROR;
				CLANG_WARN_DOCUMENTATION_COMMENTS = YES;
				CLANG_WARN_EMPTY_BODY = YES;
				CLANG_WARN_ENUM_CONVERSION = YES;
				CLANG_WARN_INFINITE_RECURSION = YES;
				CLANG_WARN_INT_CONVERSION = YES;
				CLANG_WARN_OBJC_ROOT_CLASS = YES_ERROR;
				CLANG_WARN_SUSPICIOUS_MOVE = YES;
				CLANG_WARN_UNREACHABLE_CODE = YES;
				CLANG_WARN__DUPLICATE_METHOD_MATCH = YES;
				"CODE_SIGN_IDENTITY[sdk=iphoneos*]" = "iPhone Developer";
				COPY_PHASE_STRIP = NO;
				DEBUG_INFORMATION_FORMAT = dwarf;
				ENABLE_STRICT_OBJC_MSGSEND = YES;
				ENABLE_TESTABILITY = YES;
				GCC_C_LANGUAGE_STANDARD = gnu99;
				GCC_DYNAMIC_NO_PIC = NO;
				GCC_NO_COMMON_BLOCKS = YES;
				GCC_OPTIMIZATION_LEVEL = 0;
				GCC_PREPROCESSOR_DEFINITIONS = (
					"DEBUG=1",
					"$(inherited)",
				);
				GCC_WARN_64_TO_32_BIT_CONVERSION = YES;
				GCC_WARN_ABOUT_RETURN_TYPE = YES_ERROR;
				GCC_WARN_UNDECLARED_SELECTOR = YES;
				GCC_WARN_UNINITIALIZED_AUTOS = YES_AGGRESSIVE;
				GCC_WARN_UNUSED_FUNCTION = YES;
				GCC_WARN_UNUSED_VARIABLE = YES;
				IPHONEOS_DEPLOYMENT_TARGET = 10.2;
				MTL_ENABLE_DEBUG_INFO = YES;
				ONLY_ACTIVE_ARCH = YES;
				SDKROOT = iphoneos;
				SWIFT_ACTIVE_COMPILATION_CONDITIONS = DEBUG;
				SWIFT_OPTIMIZATION_LEVEL = "-Onone";
				TARGETED_DEVICE_FAMILY = "1,2";
			};
			name = Debug;
		};
		28FDBD001E894C0500AC9806 /* Release */ = {
			isa = XCBuildConfiguration;
			buildSettings = {
				ALWAYS_SEARCH_USER_PATHS = NO;
				CLANG_ANALYZER_NONNULL = YES;
				CLANG_CXX_LANGUAGE_STANDARD = "gnu++0x";
				CLANG_CXX_LIBRARY = "libc++";
				CLANG_ENABLE_MODULES = YES;
				CLANG_ENABLE_OBJC_ARC = YES;
				CLANG_WARN_BOOL_CONVERSION = YES;
				CLANG_WARN_CONSTANT_CONVERSION = YES;
				CLANG_WARN_DIRECT_OBJC_ISA_USAGE = YES_ERROR;
				CLANG_WARN_DOCUMENTATION_COMMENTS = YES;
				CLANG_WARN_EMPTY_BODY = YES;
				CLANG_WARN_ENUM_CONVERSION = YES;
				CLANG_WARN_INFINITE_RECURSION = YES;
				CLANG_WARN_INT_CONVERSION = YES;
				CLANG_WARN_OBJC_ROOT_CLASS = YES_ERROR;
				CLANG_WARN_SUSPICIOUS_MOVE = YES;
				CLANG_WARN_UNREACHABLE_CODE = YES;
				CLANG_WARN__DUPLICATE_METHOD_MATCH = YES;
				"CODE_SIGN_IDENTITY[sdk=iphoneos*]" = "iPhone Developer";
				COPY_PHASE_STRIP = NO;
				DEBUG_INFORMATION_FORMAT = "dwarf-with-dsym";
				ENABLE_NS_ASSERTIONS = NO;
				ENABLE_STRICT_OBJC_MSGSEND = YES;
				GCC_C_LANGUAGE_STANDARD = gnu99;
				GCC_NO_COMMON_BLOCKS = YES;
				GCC_WARN_64_TO_32_BIT_CONVERSION = YES;
				GCC_WARN_ABOUT_RETURN_TYPE = YES_ERROR;
				GCC_WARN_UNDECLARED_SELECTOR = YES;
				GCC_WARN_UNINITIALIZED_AUTOS = YES_AGGRESSIVE;
				GCC_WARN_UNUSED_FUNCTION = YES;
				GCC_WARN_UNUSED_VARIABLE = YES;
				IPHONEOS_DEPLOYMENT_TARGET = 10.2;
				MTL_ENABLE_DEBUG_INFO = NO;
				SDKROOT = iphoneos;
				SWIFT_OPTIMIZATION_LEVEL = "-Owholemodule";
				TARGETED_DEVICE_FAMILY = "1,2";
				VALIDATE_PRODUCT = YES;
			};
			name = Release;
		};
		28FDBD021E894C0500AC9806 /* Debug */ = {
			isa = XCBuildConfiguration;
			buildSettings = {
				ASSETCATALOG_COMPILER_APPICON_NAME = AppIcon;
				DEVELOPMENT_TEAM = "";
				INFOPLIST_FILE = CoreDataTest/Info.plist;
				LD_RUNPATH_SEARCH_PATHS = "$(inherited) @executable_path/Frameworks";
				PRODUCT_BUNDLE_IDENTIFIER = jaki.CoreDataTest;
				PRODUCT_NAME = "$(TARGET_NAME)";
				SWIFT_VERSION = 3.0;
			};
			name = Debug;
		};
		28FDBD031E894C0500AC9806 /* Release */ = {
			isa = XCBuildConfiguration;
			buildSettings = {
				ASSETCATALOG_COMPILER_APPICON_NAME = AppIcon;
				DEVELOPMENT_TEAM = "";
				INFOPLIST_FILE = CoreDataTest/Info.plist;
				LD_RUNPATH_SEARCH_PATHS = "$(inherited) @executable_path/Frameworks";
				PRODUCT_BUNDLE_IDENTIFIER = jaki.CoreDataTest;
				PRODUCT_NAME = "$(TARGET_NAME)";
				SWIFT_VERSION = 3.0;
			};
			name = Release;
		};
/* End XCBuildConfiguration section */

/* Begin XCConfigurationList section */
		28FDBCEA1E894C0500AC9806 /* Build configuration list for PBXProject "CoreDataTest" */ = {
			isa = XCConfigurationList;
			buildConfigurations = (
				28FDBCFF1E894C0500AC9806 /* Debug */,
				28FDBD001E894C0500AC9806 /* Release */,
			);
			defaultConfigurationIsVisible = 0;
			defaultConfigurationName = Release;
		};
		28FDBD011E894C0500AC9806 /* Build configuration list for PBXNativeTarget "CoreDataTest" */ = {
			isa = XCConfigurationList;
			buildConfigurations = (
				28FDBD021E894C0500AC9806 /* Debug */,
				28FDBD031E894C0500AC9806 /* Release */,
			);
			defaultConfigurationIsVisible = 0;
			defaultConfigurationName = Release;
		};
/* End XCConfigurationList section */

/* Begin XCVersionGroup section */
		28FDBD041E894C3500AC9806 /* StudentModel.xcdatamodeld */ = {
			isa = XCVersionGroup;
			children = (
				28FDBD051E894C3500AC9806 /* StudentModel.xcdatamodel */,
			);
			currentVersion = 28FDBD051E894C3500AC9806 /* StudentModel.xcdatamodel */;
			path = StudentModel.xcdatamodeld;
			sourceTree = "<group>";
			versionGroupType = wrapper.xcdatamodel;
		};
/* End XCVersionGroup section */
	};
	rootObject = 28FDBCE71E894C0500AC9806 /* Project object */;
}
