// !$*UTF8*$!
{
	archiveVersion = 1;
	classes = {
	};
	objectVersion = 46;
	objects = {

/* Begin PBXBuildFile section */
		28CE66D81DB708F700619D74 /* AppDelegate.swift in Sources */ = {isa = PBXBuildFile; fileRef = 28CE66D71DB708F700619D74 /* AppDelegate.swift */; };
		28CE66DA1DB708F700619D74 /* ViewController.swift in Sources */ = {isa = PBXBuildFile; fileRef = 28CE66D91DB708F700619D74 /* ViewController.swift */; };
		28CE66DD1DB708F700619D74 /* Main.storyboard in Resources */ = {isa = PBXBuildFile; fileRef = 28CE66DB1DB708F700619D74 /* Main.storyboard */; };
		28CE66DF1DB708F700619D74 /* Assets.xcassets in Resources */ = {isa = PBXBuildFile; fileRef = 28CE66DE1DB708F700619D74 /* Assets.xcassets */; };
		28CE66E21DB708F700619D74 /* LaunchScreen.storyboard in Resources */ = {isa = PBXBuildFile; fileRef = 28CE66E01DB708F700619D74 /* LaunchScreen.storyboard */; };
/* End PBXBuildFile section */

/* Begin PBXFileReference section */
		28CE66D41DB708F700619D74 /* UserDefaultTest.app */ = {isa = PBXFileReference; explicitFileType = wrapper.application; includeInIndex = 0; path = UserDefaultTest.app; sourceTree = BUILT_PRODUCTS_DIR; };
		28CE66D71DB708F700619D74 /* AppDelegate.swift */ = {isa = PBXFileReference; lastKnownFileType = sourcecode.swift; path = AppDelegate.swift; sourceTree = "<group>"; };
		28CE66D91DB708F700619D74 /* ViewController.swift */ = {isa = PBXFileReference; lastKnownFileType = sourcecode.swift; path = ViewController.swift; sourceTree = "<group>"; };
		28CE66DC1DB708F700619D74 /* Base */ = {isa = PBXFileReference; lastKnownFileType = file.storyboard; name = Base; path = Base.lproj/Main.storyboard; sourceTree = "<group>"; };
		28CE66DE1DB708F700619D74 /* Assets.xcassets */ = {isa = PBXFileReference; lastKnownFileType = folder.assetcatalog; path = Assets.xcassets; sourceTree = "<group>"; };
		28CE66E11DB708F700619D74 /* Base */ = {isa = PBXFileReference; lastKnownFileType = file.storyboard; name = Base; path = Base.lproj/LaunchScreen.storyboard; sourceTree = "<group>"; };
		28CE66E31DB708F700619D74 /* Info.plist */ = {isa = PBXFileReference; lastKnownFileType = text.plist.xml; path = Info.plist; sourceTree = "<group>"; };
/* End PBXFileReference section */

/* Begin PBXFrameworksBuildPhase section */
		28CE66D11DB708F700619D74 /* Frameworks */ = {
			isa = PBXFrameworksBuildPhase;
			buildActionMask = 2147483647;
			files = (
			);
			runOnlyForDeploymentPostprocessing = 0;
		};
/* End PBXFrameworksBuildPhase section */

/* Begin PBXGroup section */
		28CE66CB1DB708F700619D74 = {
			isa = PBXGroup;
			children = (
				28CE66D61DB708F700619D74 /* UserDefaultTest */,
				28CE66D51DB708F700619D74 /* Products */,
			);
			sourceTree = "<group>";
		};
		28CE66D51DB708F700619D74 /* Products */ = {
			isa = PBXGroup;
			children = (
				28CE66D41DB708F700619D74 /* UserDefaultTest.app */,
			);
			name = Products;
			sourceTree = "<group>";
		};
		28CE66D61DB708F700619D74 /* UserDefaultTest */ = {
			isa = PBXGroup;
			children = (
				28CE66D71DB708F700619D74 /* AppDelegate.swift */,
				28CE66D91DB708F700619D74 /* ViewController.swift */,
				28CE66DB1DB708F700619D74 /* Main.storyboard */,
				28CE66DE1DB708F700619D74 /* Assets.xcassets */,
				28CE66E01DB708F700619D74 /* LaunchScreen.storyboard */,
				28CE66E31DB708F700619D74 /* Info.plist */,
			);
			path = UserDefaultTest;
			sourceTree = "<group>";
		};
/* End PBXGroup section */

/* Begin PBXNativeTarget section */
		28CE66D31DB708F700619D74 /* UserDefaultTest */ = {
			isa = PBXNativeTarget;
			buildConfigurationList = 28CE66E61DB708F700619D74 /* Build configuration list for PBXNativeTarget "UserDefaultTest" */;
			buildPhases = (
				28CE66D01DB708F700619D74 /* Sources */,
				28CE66D11DB708F700619D74 /* Frameworks */,
				28CE66D21DB708F700619D74 /* Resources */,
			);
			buildRules = (
			);
			dependencies = (
			);
			name = UserDefaultTest;
			productName = UserDefaultTest;
			productReference = 28CE66D41DB708F700619D74 /* UserDefaultTest.app */;
			productType = "com.apple.product-type.application";
		};
/* End PBXNativeTarget section */

/* Begin PBXProject section */
		28CE66CC1DB708F700619D74 /* Project object */ = {
			isa = PBXProject;
			attributes = {
				LastSwiftUpdateCheck = 0800;
				LastUpgradeCheck = 0800;
				ORGANIZATIONNAME = jaki;
				TargetAttributes = {
					28CE66D31DB708F700619D74 = {
						CreatedOnToolsVersion = 8.0;
						DevelopmentTeam = CKUF38R4M7;
						ProvisioningStyle = Automatic;
					};
				};
			};
			buildConfigurationList = 28CE66CF1DB708F700619D74 /* Build configuration list for PBXProject "UserDefaultTest" */;
			compatibilityVersion = "Xcode 3.2";
			developmentRegion = English;
			hasScannedForEncodings = 0;
			knownRegions = (
				en,
				Base,
			);
			mainGroup = 28CE66CB1DB708F700619D74;
			productRefGroup = 28CE66D51DB708F700619D74 /* Products */;
			projectDirPath = "";
			projectRoot = "";
			targets = (
				28CE66D31DB708F700619D74 /* UserDefaultTest */,
			);
		};
/* End PBXProject section */

/* Begin PBXResourcesBuildPhase section */
		28CE66D21DB708F700619D74 /* Resources */ = {
			isa = PBXResourcesBuildPhase;
			buildActionMask = 2147483647;
			files = (
				28CE66E21DB708F700619D74 /* LaunchScreen.storyboard in Resources */,
				28CE66DF1DB708F700619D74 /* Assets.xcassets in Resources */,
				28CE66DD1DB708F700619D74 /* Main.storyboard in Resources */,
			);
			runOnlyForDeploymentPostprocessing = 0;
		};
/* End PBXResourcesBuildPhase section */

/* Begin PBXSourcesBuildPhase section */
		28CE66D01DB708F700619D74 /* Sources */ = {
			isa = PBXSourcesBuildPhase;
			buildActionMask = 2147483647;
			files = (
				28CE66DA1DB708F700619D74 /* ViewController.swift in Sources */,
				28CE66D81DB708F700619D74 /* AppDelegate.swift in Sources */,
			);
			runOnlyForDeploymentPostprocessing = 0;
		};
/* End PBXSourcesBuildPhase section */

/* Begin PBXVariantGroup section */
		28CE66DB1DB708F700619D74 /* Main.storyboard */ = {
			isa = PBXVariantGroup;
			children = (
				28CE66DC1DB708F700619D74 /* Base */,
			);
			name = Main.storyboard;
			sourceTree = "<group>";
		};
		28CE66E01DB708F700619D74 /* LaunchScreen.storyboard */ = {
			isa = PBXVariantGroup;
			children = (
				28CE66E11DB708F700619D74 /* Base */,
			);
			name = LaunchScreen.storyboard;
			sourceTree = "<group>";
		};
/* End PBXVariantGroup section */

/* Begin XCBuildConfiguration section */
		28CE66E41DB708F700619D74 /* Debug */ = {
			isa = XCBuildConfiguration;
			buildSettings = {
				ALWAYS_SEARCH_USER_PATHS = NO;
				CLANG_ANALYZER_NONNULL = YES;
				CLANG_CXX_LANGUAGE_STANDARD = "gnu++0x";
				CLANG_CXX_LIBRARY = "libc++";
				CLANG_ENABLE_MODULES = YES;
				CLANG_ENABLE_OBJC_ARC = YES;
				CLANG_WARN_BOOL_CONVERSION = YES;
				CLANG_WARN_CONSTANT_CONVERSION = YES;
				CLANG_WARN_DIRECT_OBJC_ISA_USAGE = YES_ERROR;
				CLANG_WARN_DOCUMENTATION_COMMENTS = YES;
				CLANG_WARN_EMPTY_BODY = YES;
				CLANG_WARN_ENUM_CONVERSION = YES;
				CLANG_WARN_INFINITE_RECURSION = YES;
				CLANG_WARN_INT_CONVERSION = YES;
				CLANG_WARN_OBJC_ROOT_CLASS = YES_ERROR;
				CLANG_WARN_SUSPICIOUS_MOVES = YES;
				CLANG_WARN_UNREACHABLE_CODE = YES;
				CLANG_WARN__DUPLICATE_METHOD_MATCH = YES;
				"CODE_SIGN_IDENTITY[sdk=iphoneos*]" = "iPhone Developer";
				COPY_PHASE_STRIP = NO;
				DEBUG_INFORMATION_FORMAT = dwarf;
				ENABLE_STRICT_OBJC_MSGSEND = YES;
				ENABLE_TESTABILITY = YES;
				GCC_C_LANGUAGE_STANDARD = gnu99;
				GCC_DYNAMIC_NO_PIC = NO;
				GCC_NO_COMMON_BLOCKS = YES;
				GCC_OPTIMIZATION_LEVEL = 0;
				GCC_PREPROCESSOR_DEFINITIONS = (
					"DEBUG=1",
					"$(inherited)",
				);
				GCC_WARN_64_TO_32_BIT_CONVERSION = YES;
				GCC_WARN_ABOUT_RETURN_TYPE = YES_ERROR;
				GCC_WARN_UNDECLARED_SELECTOR = YES;
				GCC_WARN_UNINITIALIZED_AUTOS = YES_AGGRESSIVE;
				GCC_WARN_UNUSED_FUNCTION = YES;
				GCC_WARN_UNUSED_VARIABLE = YES;
				IPHONEOS_DEPLOYMENT_TARGET = 10.0;
				MTL_ENABLE_DEBUG_INFO = YES;
				ONLY_ACTIVE_ARCH = YES;
				SDKROOT = iphoneos;
				SWIFT_ACTIVE_COMPILATION_CONDITIONS = DEBUG;
				SWIFT_OPTIMIZATION_LEVEL = "-Onone";
				TARGETED_DEVICE_FAMILY = "1,2";
			};
			name = Debug;
		};
		28CE66E51DB708F700619D74 /* Release */ = {
			isa = XCBuildConfiguration;
			buildSettings = {
				ALWAYS_SEARCH_USER_PATHS = NO;
				CLANG_ANALYZER_NONNULL = YES;
				CLANG_CXX_LANGUAGE_STANDARD = "gnu++0x";
				CLANG_CXX_LIBRARY = "libc++";
				CLANG_ENABLE_MODULES = YES;
				CLANG_ENABLE_OBJC_ARC = YES;
				CLANG_WARN_BOOL_CONVERSION = YES;
				CLANG_WARN_CONSTANT_CONVERSION = YES;
				CLANG_WARN_DIRECT_OBJC_ISA_USAGE = YES_ERROR;
				CLANG_WARN_DOCUMENTATION_COMMENTS = YES;
				CLANG_WARN_EMPTY_BODY = YES;
				CLANG_WARN_ENUM_CONVERSION = YES;
				CLANG_WARN_INFINITE_RECURSION = YES;
				CLANG_WARN_INT_CONVERSION = YES;
				CLANG_WARN_OBJC_ROOT_CLASS = YES_ERROR;
				CLANG_WARN_SUSPICIOUS_MOVES = YES;
				CLANG_WARN_UNREACHABLE_CODE = YES;
				CLANG_WARN__DUPLICATE_METHOD_MATCH = YES;
				"CODE_SIGN_IDENTITY[sdk=iphoneos*]" = "iPhone Developer";
				COPY_PHASE_STRIP = NO;
				DEBUG_INFORMATION_FORMAT = "dwarf-with-dsym";
				ENABLE_NS_ASSERTIONS = NO;
				ENABLE_STRICT_OBJC_MSGSEND = YES;
				GCC_C_LANGUAGE_STANDARD = gnu99;
				GCC_NO_COMMON_BLOCKS = YES;
				GCC_WARN_64_TO_32_BIT_CONVERSION = YES;
				GCC_WARN_ABOUT_RETURN_TYPE = YES_ERROR;
				GCC_WARN_UNDECLARED_SELECTOR = YES;
				GCC_WARN_UNINITIALIZED_AUTOS = YES_AGGRESSIVE;
				GCC_WARN_UNUSED_FUNCTION = YES;
				GCC_WARN_UNUSED_VARIABLE = YES;
				IPHONEOS_DEPLOYMENT_TARGET = 10.0;
				MTL_ENABLE_DEBUG_INFO = NO;
				SDKROOT = iphoneos;
				SWIFT_OPTIMIZATION_LEVEL = "-Owholemodule";
				TARGETED_DEVICE_FAMILY = "1,2";
				VALIDATE_PRODUCT = YES;
			};
			name = Release;
		};
		28CE66E71DB708F700619D74 /* Debug */ = {
			isa = XCBuildConfiguration;
			buildSettings = {
				ASSETCATALOG_COMPILER_APPICON_NAME = AppIcon;
				DEVELOPMENT_TEAM = CKUF38R4M7;
				INFOPLIST_FILE = UserDefaultTest/Info.plist;
				LD_RUNPATH_SEARCH_PATHS = "$(inherited) @executable_path/Frameworks";
				PRODUCT_BUNDLE_IDENTIFIER = jaki.UserDefaultTest;
				PRODUCT_NAME = "$(TARGET_NAME)";
				SWIFT_VERSION = 3.0;
			};
			name = Debug;
		};
		28CE66E81DB708F700619D74 /* Release */ = {
			isa = XCBuildConfiguration;
			buildSettings = {
				ASSETCATALOG_COMPILER_APPICON_NAME = AppIcon;
				DEVELOPMENT_TEAM = CKUF38R4M7;
				INFOPLIST_FILE = UserDefaultTest/Info.plist;
				LD_RUNPATH_SEARCH_PATHS = "$(inherited) @executable_path/Frameworks";
				PRODUCT_BUNDLE_IDENTIFIER = jaki.UserDefaultTest;
				PRODUCT_NAME = "$(TARGET_NAME)";
				SWIFT_VERSION = 3.0;
			};
			name = Release;
		};
/* End XCBuildConfiguration section */

/* Begin XCConfigurationList section */
		28CE66CF1DB708F700619D74 /* Build configuration list for PBXProject "UserDefaultTest" */ = {
			isa = XCConfigurationList;
			buildConfigurations = (
				28CE66E41DB708F700619D74 /* Debug */,
				28CE66E51DB708F700619D74 /* Release */,
			);
			defaultConfigurationIsVisible = 0;
			defaultConfigurationName = Release;
		};
		28CE66E61DB708F700619D74 /* Build configuration list for PBXNativeTarget "UserDefaultTest" */ = {
			isa = XCConfigurationList;
			buildConfigurations = (
				28CE66E71DB708F700619D74 /* Debug */,
				28CE66E81DB708F700619D74 /* Release */,
			);
			defaultConfigurationIsVisible = 0;
		};
/* End XCConfigurationList section */
	};
	rootObject = 28CE66CC1DB708F700619D74 /* Project object */;
}
