// !$*UTF8*$!
{
	archiveVersion = 1;
	classes = {
	};
	objectVersion = 46;
	objects = {

/* Begin PBXBuildFile section */
		289279FA1D8B8C1A000BEAE7 /* AppDelegate.swift in Sources */ = {isa = PBXBuildFile; fileRef = 289279F91D8B8C1A000BEAE7 /* AppDelegate.swift */; };
		289279FC1D8B8C1A000BEAE7 /* ViewController.swift in Sources */ = {isa = PBXBuildFile; fileRef = 289279FB1D8B8C1A000BEAE7 /* ViewController.swift */; };
		289279FF1D8B8C1A000BEAE7 /* Main.storyboard in Resources */ = {isa = PBXBuildFile; fileRef = 289279FD1D8B8C1A000BEAE7 /* Main.storyboard */; };
		28927A011D8B8C1A000BEAE7 /* Assets.xcassets in Resources */ = {isa = PBXBuildFile; fileRef = 28927A001D8B8C1A000BEAE7 /* Assets.xcassets */; };
		28927A041D8B8C1A000BEAE7 /* LaunchScreen.storyboard in Resources */ = {isa = PBXBuildFile; fileRef = 28927A021D8B8C1A000BEAE7 /* LaunchScreen.storyboard */; };
/* End PBXBuildFile section */

/* Begin PBXFileReference section */
		289279F61D8B8C1A000BEAE7 /* UIScrollViewText.app */ = {isa = PBXFileReference; explicitFileType = wrapper.application; includeInIndex = 0; path = UIScrollViewText.app; sourceTree = BUILT_PRODUCTS_DIR; };
		289279F91D8B8C1A000BEAE7 /* AppDelegate.swift */ = {isa = PBXFileReference; lastKnownFileType = sourcecode.swift; path = AppDelegate.swift; sourceTree = "<group>"; };
		289279FB1D8B8C1A000BEAE7 /* ViewController.swift */ = {isa = PBXFileReference; lastKnownFileType = sourcecode.swift; path = ViewController.swift; sourceTree = "<group>"; };
		289279FE1D8B8C1A000BEAE7 /* Base */ = {isa = PBXFileReference; lastKnownFileType = file.storyboard; name = Base; path = Base.lproj/Main.storyboard; sourceTree = "<group>"; };
		28927A001D8B8C1A000BEAE7 /* Assets.xcassets */ = {isa = PBXFileReference; lastKnownFileType = folder.assetcatalog; path = Assets.xcassets; sourceTree = "<group>"; };
		28927A031D8B8C1A000BEAE7 /* Base */ = {isa = PBXFileReference; lastKnownFileType = file.storyboard; name = Base; path = Base.lproj/LaunchScreen.storyboard; sourceTree = "<group>"; };
		28927A051D8B8C1A000BEAE7 /* Info.plist */ = {isa = PBXFileReference; lastKnownFileType = text.plist.xml; path = Info.plist; sourceTree = "<group>"; };
/* End PBXFileReference section */

/* Begin PBXFrameworksBuildPhase section */
		289279F31D8B8C1A000BEAE7 /* Frameworks */ = {
			isa = PBXFrameworksBuildPhase;
			buildActionMask = 2147483647;
			files = (
			);
			runOnlyForDeploymentPostprocessing = 0;
		};
/* End PBXFrameworksBuildPhase section */

/* Begin PBXGroup section */
		289279ED1D8B8C1A000BEAE7 = {
			isa = PBXGroup;
			children = (
				289279F81D8B8C1A000BEAE7 /* UIScrollViewText */,
				289279F71D8B8C1A000BEAE7 /* Products */,
			);
			sourceTree = "<group>";
		};
		289279F71D8B8C1A000BEAE7 /* Products */ = {
			isa = PBXGroup;
			children = (
				289279F61D8B8C1A000BEAE7 /* UIScrollViewText.app */,
			);
			name = Products;
			sourceTree = "<group>";
		};
		289279F81D8B8C1A000BEAE7 /* UIScrollViewText */ = {
			isa = PBXGroup;
			children = (
				289279F91D8B8C1A000BEAE7 /* AppDelegate.swift */,
				289279FB1D8B8C1A000BEAE7 /* ViewController.swift */,
				289279FD1D8B8C1A000BEAE7 /* Main.storyboard */,
				28927A001D8B8C1A000BEAE7 /* Assets.xcassets */,
				28927A021D8B8C1A000BEAE7 /* LaunchScreen.storyboard */,
				28927A051D8B8C1A000BEAE7 /* Info.plist */,
			);
			path = UIScrollViewText;
			sourceTree = "<group>";
		};
/* End PBXGroup section */

/* Begin PBXNativeTarget section */
		289279F51D8B8C1A000BEAE7 /* UIScrollViewText */ = {
			isa = PBXNativeTarget;
			buildConfigurationList = 28927A081D8B8C1A000BEAE7 /* Build configuration list for PBXNativeTarget "UIScrollViewText" */;
			buildPhases = (
				289279F21D8B8C1A000BEAE7 /* Sources */,
				289279F31D8B8C1A000BEAE7 /* Frameworks */,
				289279F41D8B8C1A000BEAE7 /* Resources */,
			);
			buildRules = (
			);
			dependencies = (
			);
			name = UIScrollViewText;
			productName = UIScrollViewText;
			productReference = 289279F61D8B8C1A000BEAE7 /* UIScrollViewText.app */;
			productType = "com.apple.product-type.application";
		};
/* End PBXNativeTarget section */

/* Begin PBXProject section */
		289279EE1D8B8C1A000BEAE7 /* Project object */ = {
			isa = PBXProject;
			attributes = {
				LastSwiftUpdateCheck = 0800;
				LastUpgradeCheck = 0800;
				ORGANIZATIONNAME = jaki;
				TargetAttributes = {
					289279F51D8B8C1A000BEAE7 = {
						CreatedOnToolsVersion = 8.0;
						DevelopmentTeam = CKUF38R4M7;
						ProvisioningStyle = Automatic;
					};
				};
			};
			buildConfigurationList = 289279F11D8B8C1A000BEAE7 /* Build configuration list for PBXProject "UIScrollViewText" */;
			compatibilityVersion = "Xcode 3.2";
			developmentRegion = English;
			hasScannedForEncodings = 0;
			knownRegions = (
				en,
				Base,
			);
			mainGroup = 289279ED1D8B8C1A000BEAE7;
			productRefGroup = 289279F71D8B8C1A000BEAE7 /* Products */;
			projectDirPath = "";
			projectRoot = "";
			targets = (
				289279F51D8B8C1A000BEAE7 /* UIScrollViewText */,
			);
		};
/* End PBXProject section */

/* Begin PBXResourcesBuildPhase section */
		289279F41D8B8C1A000BEAE7 /* Resources */ = {
			isa = PBXResourcesBuildPhase;
			buildActionMask = 2147483647;
			files = (
				28927A041D8B8C1A000BEAE7 /* LaunchScreen.storyboard in Resources */,
				28927A011D8B8C1A000BEAE7 /* Assets.xcassets in Resources */,
				289279FF1D8B8C1A000BEAE7 /* Main.storyboard in Resources */,
			);
			runOnlyForDeploymentPostprocessing = 0;
		};
/* End PBXResourcesBuildPhase section */

/* Begin PBXSourcesBuildPhase section */
		289279F21D8B8C1A000BEAE7 /* Sources */ = {
			isa = PBXSourcesBuildPhase;
			buildActionMask = 2147483647;
			files = (
				289279FC1D8B8C1A000BEAE7 /* ViewController.swift in Sources */,
				289279FA1D8B8C1A000BEAE7 /* AppDelegate.swift in Sources */,
			);
			runOnlyForDeploymentPostprocessing = 0;
		};
/* End PBXSourcesBuildPhase section */

/* Begin PBXVariantGroup section */
		289279FD1D8B8C1A000BEAE7 /* Main.storyboard */ = {
			isa = PBXVariantGroup;
			children = (
				289279FE1D8B8C1A000BEAE7 /* Base */,
			);
			name = Main.storyboard;
			sourceTree = "<group>";
		};
		28927A021D8B8C1A000BEAE7 /* LaunchScreen.storyboard */ = {
			isa = PBXVariantGroup;
			children = (
				28927A031D8B8C1A000BEAE7 /* Base */,
			);
			name = LaunchScreen.storyboard;
			sourceTree = "<group>";
		};
/* End PBXVariantGroup section */

/* Begin XCBuildConfiguration section */
		28927A061D8B8C1A000BEAE7 /* Debug */ = {
			isa = XCBuildConfiguration;
			buildSettings = {
				ALWAYS_SEARCH_USER_PATHS = NO;
				CLANG_ANALYZER_NONNULL = YES;
				CLANG_CXX_LANGUAGE_STANDARD = "gnu++0x";
				CLANG_CXX_LIBRARY = "libc++";
				CLANG_ENABLE_MODULES = YES;
				CLANG_ENABLE_OBJC_ARC = YES;
				CLANG_WARN_BOOL_CONVERSION = YES;
				CLANG_WARN_CONSTANT_CONVERSION = YES;
				CLANG_WARN_DIRECT_OBJC_ISA_USAGE = YES_ERROR;
				CLANG_WARN_DOCUMENTATION_COMMENTS = YES;
				CLANG_WARN_EMPTY_BODY = YES;
				CLANG_WARN_ENUM_CONVERSION = YES;
				CLANG_WARN_INFINITE_RECURSION = YES;
				CLANG_WARN_INT_CONVERSION = YES;
				CLANG_WARN_OBJC_ROOT_CLASS = YES_ERROR;
				CLANG_WARN_SUSPICIOUS_MOVES = YES;
				CLANG_WARN_UNREACHABLE_CODE = YES;
				CLANG_WARN__DUPLICATE_METHOD_MATCH = YES;
				"CODE_SIGN_IDENTITY[sdk=iphoneos*]" = "iPhone Developer";
				COPY_PHASE_STRIP = NO;
				DEBUG_INFORMATION_FORMAT = dwarf;
				ENABLE_STRICT_OBJC_MSGSEND = YES;
				ENABLE_TESTABILITY = YES;
				GCC_C_LANGUAGE_STANDARD = gnu99;
				GCC_DYNAMIC_NO_PIC = NO;
				GCC_NO_COMMON_BLOCKS = YES;
				GCC_OPTIMIZATION_LEVEL = 0;
				GCC_PREPROCESSOR_DEFINITIONS = (
					"DEBUG=1",
					"$(inherited)",
				);
				GCC_WARN_64_TO_32_BIT_CONVERSION = YES;
				GCC_WARN_ABOUT_RETURN_TYPE = YES_ERROR;
				GCC_WARN_UNDECLARED_SELECTOR = YES;
				GCC_WARN_UNINITIALIZED_AUTOS = YES_AGGRESSIVE;
				GCC_WARN_UNUSED_FUNCTION = YES;
				GCC_WARN_UNUSED_VARIABLE = YES;
				IPHONEOS_DEPLOYMENT_TARGET = 10.0;
				MTL_ENABLE_DEBUG_INFO = YES;
				ONLY_ACTIVE_ARCH = YES;
				SDKROOT = iphoneos;
				SWIFT_ACTIVE_COMPILATION_CONDITIONS = DEBUG;
				SWIFT_OPTIMIZATION_LEVEL = "-Onone";
				TARGETED_DEVICE_FAMILY = "1,2";
			};
			name = Debug;
		};
		28927A071D8B8C1A000BEAE7 /* Release */ = {
			isa = XCBuildConfiguration;
			buildSettings = {
				ALWAYS_SEARCH_USER_PATHS = NO;
				CLANG_ANALYZER_NONNULL = YES;
				CLANG_CXX_LANGUAGE_STANDARD = "gnu++0x";
				CLANG_CXX_LIBRARY = "libc++";
				CLANG_ENABLE_MODULES = YES;
				CLANG_ENABLE_OBJC_ARC = YES;
				CLANG_WARN_BOOL_CONVERSION = YES;
				CLANG_WARN_CONSTANT_CONVERSION = YES;
				CLANG_WARN_DIRECT_OBJC_ISA_USAGE = YES_ERROR;
				CLANG_WARN_DOCUMENTATION_COMMENTS = YES;
				CLANG_WARN_EMPTY_BODY = YES;
				CLANG_WARN_ENUM_CONVERSION = YES;
				CLANG_WARN_INFINITE_RECURSION = YES;
				CLANG_WARN_INT_CONVERSION = YES;
				CLANG_WARN_OBJC_ROOT_CLASS = YES_ERROR;
				CLANG_WARN_SUSPICIOUS_MOVES = YES;
				CLANG_WARN_UNREACHABLE_CODE = YES;
				CLANG_WARN__DUPLICATE_METHOD_MATCH = YES;
				"CODE_SIGN_IDENTITY[sdk=iphoneos*]" = "iPhone Developer";
				COPY_PHASE_STRIP = NO;
				DEBUG_INFORMATION_FORMAT = "dwarf-with-dsym";
				ENABLE_NS_ASSERTIONS = NO;
				ENABLE_STRICT_OBJC_MSGSEND = YES;
				GCC_C_LANGUAGE_STANDARD = gnu99;
				GCC_NO_COMMON_BLOCKS = YES;
				GCC_WARN_64_TO_32_BIT_CONVERSION = YES;
				GCC_WARN_ABOUT_RETURN_TYPE = YES_ERROR;
				GCC_WARN_UNDECLARED_SELECTOR = YES;
				GCC_WARN_UNINITIALIZED_AUTOS = YES_AGGRESSIVE;
				GCC_WARN_UNUSED_FUNCTION = YES;
				GCC_WARN_UNUSED_VARIABLE = YES;
				IPHONEOS_DEPLOYMENT_TARGET = 10.0;
				MTL_ENABLE_DEBUG_INFO = NO;
				SDKROOT = iphoneos;
				SWIFT_OPTIMIZATION_LEVEL = "-Owholemodule";
				TARGETED_DEVICE_FAMILY = "1,2";
				VALIDATE_PRODUCT = YES;
			};
			name = Release;
		};
		28927A091D8B8C1A000BEAE7 /* Debug */ = {
			isa = XCBuildConfiguration;
			buildSettings = {
				ASSETCATALOG_COMPILER_APPICON_NAME = AppIcon;
				DEVELOPMENT_TEAM = CKUF38R4M7;
				INFOPLIST_FILE = UIScrollViewText/Info.plist;
				LD_RUNPATH_SEARCH_PATHS = "$(inherited) @executable_path/Frameworks";
				PRODUCT_BUNDLE_IDENTIFIER = jaki.UIScrollViewText;
				PRODUCT_NAME = "$(TARGET_NAME)";
				SWIFT_VERSION = 3.0;
			};
			name = Debug;
		};
		28927A0A1D8B8C1A000BEAE7 /* Release */ = {
			isa = XCBuildConfiguration;
			buildSettings = {
				ASSETCATALOG_COMPILER_APPICON_NAME = AppIcon;
				DEVELOPMENT_TEAM = CKUF38R4M7;
				INFOPLIST_FILE = UIScrollViewText/Info.plist;
				LD_RUNPATH_SEARCH_PATHS = "$(inherited) @executable_path/Frameworks";
				PRODUCT_BUNDLE_IDENTIFIER = jaki.UIScrollViewText;
				PRODUCT_NAME = "$(TARGET_NAME)";
				SWIFT_VERSION = 3.0;
			};
			name = Release;
		};
/* End XCBuildConfiguration section */

/* Begin XCConfigurationList section */
		289279F11D8B8C1A000BEAE7 /* Build configuration list for PBXProject "UIScrollViewText" */ = {
			isa = XCConfigurationList;
			buildConfigurations = (
				28927A061D8B8C1A000BEAE7 /* Debug */,
				28927A071D8B8C1A000BEAE7 /* Release */,
			);
			defaultConfigurationIsVisible = 0;
			defaultConfigurationName = Release;
		};
		28927A081D8B8C1A000BEAE7 /* Build configuration list for PBXNativeTarget "UIScrollViewText" */ = {
			isa = XCConfigurationList;
			buildConfigurations = (
				28927A091D8B8C1A000BEAE7 /* Debug */,
				28927A0A1D8B8C1A000BEAE7 /* Release */,
			);
			defaultConfigurationIsVisible = 0;
		};
/* End XCConfigurationList section */
	};
	rootObject = 289279EE1D8B8C1A000BEAE7 /* Project object */;
}
