// !$*UTF8*$!
{
	archiveVersion = 1;
	classes = {
	};
	objectVersion = 46;
	objects = {

/* Begin PBXBuildFile section */
		287362101DC97D7C00DE0800 /* Screen.swift in Sources */ = {isa = PBXBuildFile; fileRef = 2873620F1DC97D7C00DE0800 /* Screen.swift */; };
		288D85111DCACDCF00BBA52E /* CalculatorEngine.swift in Sources */ = {isa = PBXBuildFile; fileRef = 288D85101DCACDCF00BBA52E /* CalculatorEngine.swift */; };
		288E128A1DC6EBEC0001E968 /* AppDelegate.swift in Sources */ = {isa = PBXBuildFile; fileRef = 288E12891DC6EBEC0001E968 /* AppDelegate.swift */; };
		288E128C1DC6EBEC0001E968 /* ViewController.swift in Sources */ = {isa = PBXBuildFile; fileRef = 288E128B1DC6EBEC0001E968 /* ViewController.swift */; };
		288E128F1DC6EBEC0001E968 /* Main.storyboard in Resources */ = {isa = PBXBuildFile; fileRef = 288E128D1DC6EBEC0001E968 /* Main.storyboard */; };
		288E12911DC6EBEC0001E968 /* Assets.xcassets in Resources */ = {isa = PBXBuildFile; fileRef = 288E12901DC6EBEC0001E968 /* Assets.xcassets */; };
		288E12941DC6EBEC0001E968 /* LaunchScreen.storyboard in Resources */ = {isa = PBXBuildFile; fileRef = 288E12921DC6EBEC0001E968 /* LaunchScreen.storyboard */; };
		288E129C1DC6ECF90001E968 /* FuncButton.swift in Sources */ = {isa = PBXBuildFile; fileRef = 288E129B1DC6ECF90001E968 /* FuncButton.swift */; };
		288E129E1DC719C10001E968 /* Board.swift in Sources */ = {isa = PBXBuildFile; fileRef = 288E129D1DC719C10001E968 /* Board.swift */; };
		61917F0D46CA36322A048A42 /* Pods_Calculator.framework in Frameworks */ = {isa = PBXBuildFile; fileRef = 687609F36C81345C16B3A752 /* Pods_Calculator.framework */; };
/* End PBXBuildFile section */

/* Begin PBXFileReference section */
		0B3B93D407FC96B8A3DE91CD /* Pods-Calculator.debug.xcconfig */ = {isa = PBXFileReference; includeInIndex = 1; lastKnownFileType = text.xcconfig; name = "Pods-Calculator.debug.xcconfig"; path = "Pods/Target Support Files/Pods-Calculator/Pods-Calculator.debug.xcconfig"; sourceTree = "<group>"; };
		2873620F1DC97D7C00DE0800 /* Screen.swift */ = {isa = PBXFileReference; fileEncoding = 4; lastKnownFileType = sourcecode.swift; path = Screen.swift; sourceTree = "<group>"; };
		288D85101DCACDCF00BBA52E /* CalculatorEngine.swift */ = {isa = PBXFileReference; fileEncoding = 4; lastKnownFileType = sourcecode.swift; path = CalculatorEngine.swift; sourceTree = "<group>"; };
		288E12861DC6EBEC0001E968 /* Calculator.app */ = {isa = PBXFileReference; explicitFileType = wrapper.application; includeInIndex = 0; path = Calculator.app; sourceTree = BUILT_PRODUCTS_DIR; };
		288E12891DC6EBEC0001E968 /* AppDelegate.swift */ = {isa = PBXFileReference; lastKnownFileType = sourcecode.swift; path = AppDelegate.swift; sourceTree = "<group>"; };
		288E128B1DC6EBEC0001E968 /* ViewController.swift */ = {isa = PBXFileReference; lastKnownFileType = sourcecode.swift; path = ViewController.swift; sourceTree = "<group>"; };
		288E128E1DC6EBEC0001E968 /* Base */ = {isa = PBXFileReference; lastKnownFileType = file.storyboard; name = Base; path = Base.lproj/Main.storyboard; sourceTree = "<group>"; };
		288E12901DC6EBEC0001E968 /* Assets.xcassets */ = {isa = PBXFileReference; lastKnownFileType = folder.assetcatalog; path = Assets.xcassets; sourceTree = "<group>"; };
		288E12931DC6EBEC0001E968 /* Base */ = {isa = PBXFileReference; lastKnownFileType = file.storyboard; name = Base; path = Base.lproj/LaunchScreen.storyboard; sourceTree = "<group>"; };
		288E12951DC6EBEC0001E968 /* Info.plist */ = {isa = PBXFileReference; lastKnownFileType = text.plist.xml; path = Info.plist; sourceTree = "<group>"; };
		288E129B1DC6ECF90001E968 /* FuncButton.swift */ = {isa = PBXFileReference; fileEncoding = 4; lastKnownFileType = sourcecode.swift; path = FuncButton.swift; sourceTree = "<group>"; };
		288E129D1DC719C10001E968 /* Board.swift */ = {isa = PBXFileReference; fileEncoding = 4; lastKnownFileType = sourcecode.swift; path = Board.swift; sourceTree = "<group>"; };
		687609F36C81345C16B3A752 /* Pods_Calculator.framework */ = {isa = PBXFileReference; explicitFileType = wrapper.framework; includeInIndex = 0; path = Pods_Calculator.framework; sourceTree = BUILT_PRODUCTS_DIR; };
		7DFCDF0351410A53DE02B9E2 /* Pods-Calculator.release.xcconfig */ = {isa = PBXFileReference; includeInIndex = 1; lastKnownFileType = text.xcconfig; name = "Pods-Calculator.release.xcconfig"; path = "Pods/Target Support Files/Pods-Calculator/Pods-Calculator.release.xcconfig"; sourceTree = "<group>"; };
/* End PBXFileReference section */

/* Begin PBXFrameworksBuildPhase section */
		288E12831DC6EBEC0001E968 /* Frameworks */ = {
			isa = PBXFrameworksBuildPhase;
			buildActionMask = 2147483647;
			files = (
				61917F0D46CA36322A048A42 /* Pods_Calculator.framework in Frameworks */,
			);
			runOnlyForDeploymentPostprocessing = 0;
		};
/* End PBXFrameworksBuildPhase section */

/* Begin PBXGroup section */
		288E127D1DC6EBEC0001E968 = {
			isa = PBXGroup;
			children = (
				288E12881DC6EBEC0001E968 /* Calculator */,
				288E12871DC6EBEC0001E968 /* Products */,
				5DA6A269EB84FC137F7A7AF0 /* Pods */,
				7DE381826E29FF58EC31F2DC /* Frameworks */,
			);
			sourceTree = "<group>";
		};
		288E12871DC6EBEC0001E968 /* Products */ = {
			isa = PBXGroup;
			children = (
				288E12861DC6EBEC0001E968 /* Calculator.app */,
			);
			name = Products;
			sourceTree = "<group>";
		};
		288E12881DC6EBEC0001E968 /* Calculator */ = {
			isa = PBXGroup;
			children = (
				288E12891DC6EBEC0001E968 /* AppDelegate.swift */,
				288E128B1DC6EBEC0001E968 /* ViewController.swift */,
				288E129B1DC6ECF90001E968 /* FuncButton.swift */,
				288E129D1DC719C10001E968 /* Board.swift */,
				2873620F1DC97D7C00DE0800 /* Screen.swift */,
				288D85101DCACDCF00BBA52E /* CalculatorEngine.swift */,
				288E128D1DC6EBEC0001E968 /* Main.storyboard */,
				288E12901DC6EBEC0001E968 /* Assets.xcassets */,
				288E12921DC6EBEC0001E968 /* LaunchScreen.storyboard */,
				288E12951DC6EBEC0001E968 /* Info.plist */,
			);
			path = Calculator;
			sourceTree = "<group>";
		};
		5DA6A269EB84FC137F7A7AF0 /* Pods */ = {
			isa = PBXGroup;
			children = (
				0B3B93D407FC96B8A3DE91CD /* Pods-Calculator.debug.xcconfig */,
				7DFCDF0351410A53DE02B9E2 /* Pods-Calculator.release.xcconfig */,
			);
			name = Pods;
			sourceTree = "<group>";
		};
		7DE381826E29FF58EC31F2DC /* Frameworks */ = {
			isa = PBXGroup;
			children = (
				687609F36C81345C16B3A752 /* Pods_Calculator.framework */,
			);
			name = Frameworks;
			sourceTree = "<group>";
		};
/* End PBXGroup section */

/* Begin PBXNativeTarget section */
		288E12851DC6EBEC0001E968 /* Calculator */ = {
			isa = PBXNativeTarget;
			buildConfigurationList = 288E12981DC6EBEC0001E968 /* Build configuration list for PBXNativeTarget "Calculator" */;
			buildPhases = (
				FB1C18B47E59D0B0F775DDDC /* [CP] Check Pods Manifest.lock */,
				288E12821DC6EBEC0001E968 /* Sources */,
				288E12831DC6EBEC0001E968 /* Frameworks */,
				288E12841DC6EBEC0001E968 /* Resources */,
				B4C5AD6AC2903E85C09A787E /* [CP] Embed Pods Frameworks */,
				D1EAFCA48729B108AE998A62 /* [CP] Copy Pods Resources */,
			);
			buildRules = (
			);
			dependencies = (
			);
			name = Calculator;
			productName = Calculator;
			productReference = 288E12861DC6EBEC0001E968 /* Calculator.app */;
			productType = "com.apple.product-type.application";
		};
/* End PBXNativeTarget section */

/* Begin PBXProject section */
		288E127E1DC6EBEC0001E968 /* Project object */ = {
			isa = PBXProject;
			attributes = {
				LastSwiftUpdateCheck = 0800;
				LastUpgradeCheck = 0800;
				ORGANIZATIONNAME = jaki;
				TargetAttributes = {
					288E12851DC6EBEC0001E968 = {
						CreatedOnToolsVersion = 8.0;
						DevelopmentTeam = CKUF38R4M7;
						ProvisioningStyle = Automatic;
					};
				};
			};
			buildConfigurationList = 288E12811DC6EBEC0001E968 /* Build configuration list for PBXProject "Calculator" */;
			compatibilityVersion = "Xcode 3.2";
			developmentRegion = English;
			hasScannedForEncodings = 0;
			knownRegions = (
				en,
				Base,
			);
			mainGroup = 288E127D1DC6EBEC0001E968;
			productRefGroup = 288E12871DC6EBEC0001E968 /* Products */;
			projectDirPath = "";
			projectRoot = "";
			targets = (
				288E12851DC6EBEC0001E968 /* Calculator */,
			);
		};
/* End PBXProject section */

/* Begin PBXResourcesBuildPhase section */
		288E12841DC6EBEC0001E968 /* Resources */ = {
			isa = PBXResourcesBuildPhase;
			buildActionMask = 2147483647;
			files = (
				288E12941DC6EBEC0001E968 /* LaunchScreen.storyboard in Resources */,
				288E12911DC6EBEC0001E968 /* Assets.xcassets in Resources */,
				288E128F1DC6EBEC0001E968 /* Main.storyboard in Resources */,
			);
			runOnlyForDeploymentPostprocessing = 0;
		};
/* End PBXResourcesBuildPhase section */

/* Begin PBXShellScriptBuildPhase section */
		B4C5AD6AC2903E85C09A787E /* [CP] Embed Pods Frameworks */ = {
			isa = PBXShellScriptBuildPhase;
			buildActionMask = 2147483647;
			files = (
			);
			inputPaths = (
			);
			name = "[CP] Embed Pods Frameworks";
			outputPaths = (
			);
			runOnlyForDeploymentPostprocessing = 0;
			shellPath = /bin/sh;
			shellScript = "\"${SRCROOT}/Pods/Target Support Files/Pods-Calculator/Pods-Calculator-frameworks.sh\"\n";
			showEnvVarsInLog = 0;
		};
		D1EAFCA48729B108AE998A62 /* [CP] Copy Pods Resources */ = {
			isa = PBXShellScriptBuildPhase;
			buildActionMask = 2147483647;
			files = (
			);
			inputPaths = (
			);
			name = "[CP] Copy Pods Resources";
			outputPaths = (
			);
			runOnlyForDeploymentPostprocessing = 0;
			shellPath = /bin/sh;
			shellScript = "\"${SRCROOT}/Pods/Target Support Files/Pods-Calculator/Pods-Calculator-resources.sh\"\n";
			showEnvVarsInLog = 0;
		};
		FB1C18B47E59D0B0F775DDDC /* [CP] Check Pods Manifest.lock */ = {
			isa = PBXShellScriptBuildPhase;
			buildActionMask = 2147483647;
			files = (
			);
			inputPaths = (
			);
			name = "[CP] Check Pods Manifest.lock";
			outputPaths = (
			);
			runOnlyForDeploymentPostprocessing = 0;
			shellPath = /bin/sh;
			shellScript = "diff \"${PODS_ROOT}/../Podfile.lock\" \"${PODS_ROOT}/Manifest.lock\" > /dev/null\nif [ $? != 0 ] ; then\n    # print error to STDERR\n    echo \"error: The sandbox is not in sync with the Podfile.lock. Run 'pod install' or update your CocoaPods installation.\" >&2\n    exit 1\nfi\n";
			showEnvVarsInLog = 0;
		};
/* End PBXShellScriptBuildPhase section */

/* Begin PBXSourcesBuildPhase section */
		288E12821DC6EBEC0001E968 /* Sources */ = {
			isa = PBXSourcesBuildPhase;
			buildActionMask = 2147483647;
			files = (
				287362101DC97D7C00DE0800 /* Screen.swift in Sources */,
				288E128C1DC6EBEC0001E968 /* ViewController.swift in Sources */,
				288E129C1DC6ECF90001E968 /* FuncButton.swift in Sources */,
				288E129E1DC719C10001E968 /* Board.swift in Sources */,
				288E128A1DC6EBEC0001E968 /* AppDelegate.swift in Sources */,
				288D85111DCACDCF00BBA52E /* CalculatorEngine.swift in Sources */,
			);
			runOnlyForDeploymentPostprocessing = 0;
		};
/* End PBXSourcesBuildPhase section */

/* Begin PBXVariantGroup section */
		288E128D1DC6EBEC0001E968 /* Main.storyboard */ = {
			isa = PBXVariantGroup;
			children = (
				288E128E1DC6EBEC0001E968 /* Base */,
			);
			name = Main.storyboard;
			sourceTree = "<group>";
		};
		288E12921DC6EBEC0001E968 /* LaunchScreen.storyboard */ = {
			isa = PBXVariantGroup;
			children = (
				288E12931DC6EBEC0001E968 /* Base */,
			);
			name = LaunchScreen.storyboard;
			sourceTree = "<group>";
		};
/* End PBXVariantGroup section */

/* Begin XCBuildConfiguration section */
		288E12961DC6EBEC0001E968 /* Debug */ = {
			isa = XCBuildConfiguration;
			buildSettings = {
				ALWAYS_SEARCH_USER_PATHS = NO;
				CLANG_ANALYZER_NONNULL = YES;
				CLANG_CXX_LANGUAGE_STANDARD = "gnu++0x";
				CLANG_CXX_LIBRARY = "libc++";
				CLANG_ENABLE_MODULES = YES;
				CLANG_ENABLE_OBJC_ARC = YES;
				CLANG_WARN_BOOL_CONVERSION = YES;
				CLANG_WARN_CONSTANT_CONVERSION = YES;
				CLANG_WARN_DIRECT_OBJC_ISA_USAGE = YES_ERROR;
				CLANG_WARN_DOCUMENTATION_COMMENTS = YES;
				CLANG_WARN_EMPTY_BODY = YES;
				CLANG_WARN_ENUM_CONVERSION = YES;
				CLANG_WARN_INFINITE_RECURSION = YES;
				CLANG_WARN_INT_CONVERSION = YES;
				CLANG_WARN_OBJC_ROOT_CLASS = YES_ERROR;
				CLANG_WARN_SUSPICIOUS_MOVES = YES;
				CLANG_WARN_UNREACHABLE_CODE = YES;
				CLANG_WARN__DUPLICATE_METHOD_MATCH = YES;
				"CODE_SIGN_IDENTITY[sdk=iphoneos*]" = "iPhone Developer";
				COPY_PHASE_STRIP = NO;
				DEBUG_INFORMATION_FORMAT = dwarf;
				ENABLE_STRICT_OBJC_MSGSEND = YES;
				ENABLE_TESTABILITY = YES;
				GCC_C_LANGUAGE_STANDARD = gnu99;
				GCC_DYNAMIC_NO_PIC = NO;
				GCC_NO_COMMON_BLOCKS = YES;
				GCC_OPTIMIZATION_LEVEL = 0;
				GCC_PREPROCESSOR_DEFINITIONS = (
					"DEBUG=1",
					"$(inherited)",
				);
				GCC_WARN_64_TO_32_BIT_CONVERSION = YES;
				GCC_WARN_ABOUT_RETURN_TYPE = YES_ERROR;
				GCC_WARN_UNDECLARED_SELECTOR = YES;
				GCC_WARN_UNINITIALIZED_AUTOS = YES_AGGRESSIVE;
				GCC_WARN_UNUSED_FUNCTION = YES;
				GCC_WARN_UNUSED_VARIABLE = YES;
				IPHONEOS_DEPLOYMENT_TARGET = 10.0;
				MTL_ENABLE_DEBUG_INFO = YES;
				ONLY_ACTIVE_ARCH = YES;
				SDKROOT = iphoneos;
				SWIFT_ACTIVE_COMPILATION_CONDITIONS = DEBUG;
				SWIFT_OPTIMIZATION_LEVEL = "-Onone";
				TARGETED_DEVICE_FAMILY = "1,2";
			};
			name = Debug;
		};
		288E12971DC6EBEC0001E968 /* Release */ = {
			isa = XCBuildConfiguration;
			buildSettings = {
				ALWAYS_SEARCH_USER_PATHS = NO;
				CLANG_ANALYZER_NONNULL = YES;
				CLANG_CXX_LANGUAGE_STANDARD = "gnu++0x";
				CLANG_CXX_LIBRARY = "libc++";
				CLANG_ENABLE_MODULES = YES;
				CLANG_ENABLE_OBJC_ARC = YES;
				CLANG_WARN_BOOL_CONVERSION = YES;
				CLANG_WARN_CONSTANT_CONVERSION = YES;
				CLANG_WARN_DIRECT_OBJC_ISA_USAGE = YES_ERROR;
				CLANG_WARN_DOCUMENTATION_COMMENTS = YES;
				CLANG_WARN_EMPTY_BODY = YES;
				CLANG_WARN_ENUM_CONVERSION = YES;
				CLANG_WARN_INFINITE_RECURSION = YES;
				CLANG_WARN_INT_CONVERSION = YES;
				CLANG_WARN_OBJC_ROOT_CLASS = YES_ERROR;
				CLANG_WARN_SUSPICIOUS_MOVES = YES;
				CLANG_WARN_UNREACHABLE_CODE = YES;
				CLANG_WARN__DUPLICATE_METHOD_MATCH = YES;
				"CODE_SIGN_IDENTITY[sdk=iphoneos*]" = "iPhone Developer";
				COPY_PHASE_STRIP = NO;
				DEBUG_INFORMATION_FORMAT = "dwarf-with-dsym";
				ENABLE_NS_ASSERTIONS = NO;
				ENABLE_STRICT_OBJC_MSGSEND = YES;
				GCC_C_LANGUAGE_STANDARD = gnu99;
				GCC_NO_COMMON_BLOCKS = YES;
				GCC_WARN_64_TO_32_BIT_CONVERSION = YES;
				GCC_WARN_ABOUT_RETURN_TYPE = YES_ERROR;
				GCC_WARN_UNDECLARED_SELECTOR = YES;
				GCC_WARN_UNINITIALIZED_AUTOS = YES_AGGRESSIVE;
				GCC_WARN_UNUSED_FUNCTION = YES;
				GCC_WARN_UNUSED_VARIABLE = YES;
				IPHONEOS_DEPLOYMENT_TARGET = 10.0;
				MTL_ENABLE_DEBUG_INFO = NO;
				SDKROOT = iphoneos;
				SWIFT_OPTIMIZATION_LEVEL = "-Owholemodule";
				TARGETED_DEVICE_FAMILY = "1,2";
				VALIDATE_PRODUCT = YES;
			};
			name = Release;
		};
		288E12991DC6EBEC0001E968 /* Debug */ = {
			isa = XCBuildConfiguration;
			baseConfigurationReference = 0B3B93D407FC96B8A3DE91CD /* Pods-Calculator.debug.xcconfig */;
			buildSettings = {
				ASSETCATALOG_COMPILER_APPICON_NAME = AppIcon;
				DEVELOPMENT_TEAM = CKUF38R4M7;
				INFOPLIST_FILE = Calculator/Info.plist;
				IPHONEOS_DEPLOYMENT_TARGET = 9.0;
				LD_RUNPATH_SEARCH_PATHS = "$(inherited) @executable_path/Frameworks";
				PRODUCT_BUNDLE_IDENTIFIER = jaki.Calculator;
				PRODUCT_NAME = "$(TARGET_NAME)";
				SWIFT_VERSION = 3.0;
			};
			name = Debug;
		};
		288E129A1DC6EBEC0001E968 /* Release */ = {
			isa = XCBuildConfiguration;
			baseConfigurationReference = 7DFCDF0351410A53DE02B9E2 /* Pods-Calculator.release.xcconfig */;
			buildSettings = {
				ASSETCATALOG_COMPILER_APPICON_NAME = AppIcon;
				DEVELOPMENT_TEAM = CKUF38R4M7;
				INFOPLIST_FILE = Calculator/Info.plist;
				IPHONEOS_DEPLOYMENT_TARGET = 9.0;
				LD_RUNPATH_SEARCH_PATHS = "$(inherited) @executable_path/Frameworks";
				PRODUCT_BUNDLE_IDENTIFIER = jaki.Calculator;
				PRODUCT_NAME = "$(TARGET_NAME)";
				SWIFT_VERSION = 3.0;
			};
			name = Release;
		};
/* End XCBuildConfiguration section */

/* Begin XCConfigurationList section */
		288E12811DC6EBEC0001E968 /* Build configuration list for PBXProject "Calculator" */ = {
			isa = XCConfigurationList;
			buildConfigurations = (
				288E12961DC6EBEC0001E968 /* Debug */,
				288E12971DC6EBEC0001E968 /* Release */,
			);
			defaultConfigurationIsVisible = 0;
			defaultConfigurationName = Release;
		};
		288E12981DC6EBEC0001E968 /* Build configuration list for PBXNativeTarget "Calculator" */ = {
			isa = XCConfigurationList;
			buildConfigurations = (
				288E12991DC6EBEC0001E968 /* Debug */,
				288E129A1DC6EBEC0001E968 /* Release */,
			);
			defaultConfigurationIsVisible = 0;
			defaultConfigurationName = Release;
		};
/* End XCConfigurationList section */
	};
	rootObject = 288E127E1DC6EBEC0001E968 /* Project object */;
}
